// !$*UTF8*$!
{
	archiveVersion = 1;
	classes = {
	};
	objectVersion = 46;
	objects = {

/* Begin PBXBuildFile section */
		F04351F9A80917BE864CC0B0 /* libPods.a in Frameworks */ = {isa = PBXBuildFile; fileRef = 639396A93157EC052E5CFA2C /* libPods.a */; };
		FC44321B1CE07AC4006DAB33 /* MainTableView.swift in Sources */ = {isa = PBXBuildFile; fileRef = FC44321A1CE07AC4006DAB33 /* MainTableView.swift */; };
		FC44321D1CE07F9C006DAB33 /* EveryDayModel.swift in Sources */ = {isa = PBXBuildFile; fileRef = FC44321C1CE07F9C006DAB33 /* EveryDayModel.swift */; };
		FC44321F1CE082F1006DAB33 /* SwiftDictModel.swift in Sources */ = {isa = PBXBuildFile; fileRef = FC44321E1CE082F1006DAB33 /* SwiftDictModel.swift */; };
		FCD6E7851CDD777C001B6A29 /* AppDelegate.swift in Sources */ = {isa = PBXBuildFile; fileRef = FCD6E7841CDD777C001B6A29 /* AppDelegate.swift */; };
		FCD6E78A1CDD777C001B6A29 /* Main.storyboard in Resources */ = {isa = PBXBuildFile; fileRef = FCD6E7881CDD777C001B6A29 /* Main.storyboard */; };
		FCD6E78C1CDD777C001B6A29 /* Assets.xcassets in Resources */ = {isa = PBXBuildFile; fileRef = FCD6E78B1CDD777C001B6A29 /* Assets.xcassets */; };
		FCD6E78F1CDD777C001B6A29 /* LaunchScreen.storyboard in Resources */ = {isa = PBXBuildFile; fileRef = FCD6E78D1CDD777C001B6A29 /* LaunchScreen.storyboard */; };
		FCD6E79A1CDD777C001B6A29 /* XMSmallDayTests.swift in Sources */ = {isa = PBXBuildFile; fileRef = FCD6E7991CDD777C001B6A29 /* XMSmallDayTests.swift */; };
		FCD6E7A51CDD777C001B6A29 /* XMSmallDayUITests.swift in Sources */ = {isa = PBXBuildFile; fileRef = FCD6E7A41CDD777C001B6A29 /* XMSmallDayUITests.swift */; };
		FCD6E8151CDD7936001B6A29 /* 798 in Resources */ = {isa = PBXBuildFile; fileRef = FCD6E7B51CDD7936001B6A29 /* 798 */; };
		FCD6E8161CDD7936001B6A29 /* Classify in Resources */ = {isa = PBXBuildFile; fileRef = FCD6E7B61CDD7936001B6A29 /* Classify */; };
		FCD6E8171CDD7936001B6A29 /* Details in Resources */ = {isa = PBXBuildFile; fileRef = FCD6E7B71CDD7936001B6A29 /* Details */; };
		FCD6E8181CDD7936001B6A29 /* events in Resources */ = {isa = PBXBuildFile; fileRef = FCD6E7B81CDD7936001B6A29 /* events */; };
		FCD6E8191CDD7936001B6A29 /* Experience in Resources */ = {isa = PBXBuildFile; fileRef = FCD6E7B91CDD7936001B6A29 /* Experience */; };
		FCD6E81A1CDD7936001B6A29 /* More in Resources */ = {isa = PBXBuildFile; fileRef = FCD6E7BA1CDD7936001B6A29 /* More */; };
		FCD6E81B1CDD7936001B6A29 /* Nears in Resources */ = {isa = PBXBuildFile; fileRef = FCD6E7BB1CDD7936001B6A29 /* Nears */; };
		FCD6E81C1CDD7936001B6A29 /* themes in Resources */ = {isa = PBXBuildFile; fileRef = FCD6E7BC1CDD7936001B6A29 /* themes */; };
		FCD6E81D1CDD7936001B6A29 /* 三里屯 in Resources */ = {isa = PBXBuildFile; fileRef = FCD6E7BD1CDD7936001B6A29 /* 三里屯 */; };
		FCD6E81E1CDD7936001B6A29 /* 南锣鼓巷 in Resources */ = {isa = PBXBuildFile; fileRef = FCD6E7BE1CDD7936001B6A29 /* 南锣鼓巷 */; };
		FCD6E81F1CDD7936001B6A29 /* fourpage-375w-667h@2x.jpg in Resources */ = {isa = PBXBuildFile; fileRef = FCD6E7C01CDD7936001B6A29 /* fourpage-375w-667h@2x.jpg */; };
		FCD6E8201CDD7936001B6A29 /* fourpage-414w-736h@3x.jpg in Resources */ = {isa = PBXBuildFile; fileRef = FCD6E7C11CDD7936001B6A29 /* fourpage-414w-736h@3x.jpg */; };
		FCD6E8211CDD7936001B6A29 /* fourpage-568h@2x.jpg in Resources */ = {isa = PBXBuildFile; fileRef = FCD6E7C21CDD7936001B6A29 /* fourpage-568h@2x.jpg */; };
		FCD6E8221CDD7936001B6A29 /* fourpage@2x.jpg in Resources */ = {isa = PBXBuildFile; fileRef = FCD6E7C31CDD7936001B6A29 /* fourpage@2x.jpg */; };
		FCD6E8231CDD7936001B6A29 /* MKAnnotationView+WebCache.m in Sources */ = {isa = PBXBuildFile; fileRef = FCD6E7D01CDD7936001B6A29 /* MKAnnotationView+WebCache.m */; };
		FCD6E8241CDD7936001B6A29 /* NSData+ImageContentType.m in Sources */ = {isa = PBXBuildFile; fileRef = FCD6E7D21CDD7936001B6A29 /* NSData+ImageContentType.m */; };
		FCD6E8251CDD7936001B6A29 /* SDImageCache.m in Sources */ = {isa = PBXBuildFile; fileRef = FCD6E7D41CDD7936001B6A29 /* SDImageCache.m */; };
		FCD6E8261CDD7936001B6A29 /* SDWebImageCompat.m in Sources */ = {isa = PBXBuildFile; fileRef = FCD6E7D61CDD7936001B6A29 /* SDWebImageCompat.m */; };
		FCD6E8271CDD7936001B6A29 /* SDWebImageDecoder.m in Sources */ = {isa = PBXBuildFile; fileRef = FCD6E7D81CDD7936001B6A29 /* SDWebImageDecoder.m */; };
		FCD6E8281CDD7936001B6A29 /* SDWebImageDownloader.m in Sources */ = {isa = PBXBuildFile; fileRef = FCD6E7DA1CDD7936001B6A29 /* SDWebImageDownloader.m */; };
		FCD6E8291CDD7936001B6A29 /* SDWebImageDownloaderOperation.m in Sources */ = {isa = PBXBuildFile; fileRef = FCD6E7DC1CDD7936001B6A29 /* SDWebImageDownloaderOperation.m */; };
		FCD6E82A1CDD7936001B6A29 /* SDWebImageManager.m in Sources */ = {isa = PBXBuildFile; fileRef = FCD6E7DE1CDD7936001B6A29 /* SDWebImageManager.m */; };
		FCD6E82B1CDD7936001B6A29 /* SDWebImagePrefetcher.m in Sources */ = {isa = PBXBuildFile; fileRef = FCD6E7E11CDD7936001B6A29 /* SDWebImagePrefetcher.m */; };
		FCD6E82C1CDD7936001B6A29 /* UIButton+WebCache.m in Sources */ = {isa = PBXBuildFile; fileRef = FCD6E7E31CDD7936001B6A29 /* UIButton+WebCache.m */; };
		FCD6E82D1CDD7936001B6A29 /* UIImage+GIF.m in Sources */ = {isa = PBXBuildFile; fileRef = FCD6E7E51CDD7936001B6A29 /* UIImage+GIF.m */; };
		FCD6E82E1CDD7936001B6A29 /* UIImage+MultiFormat.m in Sources */ = {isa = PBXBuildFile; fileRef = FCD6E7E71CDD7936001B6A29 /* UIImage+MultiFormat.m */; };
		FCD6E82F1CDD7936001B6A29 /* UIImage+WebP.m in Sources */ = {isa = PBXBuildFile; fileRef = FCD6E7E91CDD7936001B6A29 /* UIImage+WebP.m */; };
		FCD6E8301CDD7936001B6A29 /* UIImageView+HighlightedWebCache.m in Sources */ = {isa = PBXBuildFile; fileRef = FCD6E7EB1CDD7936001B6A29 /* UIImageView+HighlightedWebCache.m */; };
		FCD6E8311CDD7936001B6A29 /* UIImageView+WebCache.m in Sources */ = {isa = PBXBuildFile; fileRef = FCD6E7ED1CDD7936001B6A29 /* UIImageView+WebCache.m */; };
		FCD6E8321CDD7936001B6A29 /* UIView+WebCacheOperation.m in Sources */ = {isa = PBXBuildFile; fileRef = FCD6E7EF1CDD7936001B6A29 /* UIView+WebCacheOperation.m */; };
		FCD6E8331CDD7936001B6A29 /* UMSocialLocalizable.strings in Resources */ = {isa = PBXBuildFile; fileRef = FCD6E7F11CDD7936001B6A29 /* UMSocialLocalizable.strings */; };
		FCD6E8341CDD7936001B6A29 /* libUMSocial_Sdk_4.2.3.a in Frameworks */ = {isa = PBXBuildFile; fileRef = FCD6E7FF1CDD7936001B6A29 /* libUMSocial_Sdk_4.2.3.a */; };
		FCD6E8351CDD7936001B6A29 /* UMSCommentDetailController.xib in Resources */ = {isa = PBXBuildFile; fileRef = FCD6E8011CDD7936001B6A29 /* UMSCommentDetailController.xib */; };
		FCD6E8361CDD7936001B6A29 /* UMSCommentInputController.xib in Resources */ = {isa = PBXBuildFile; fileRef = FCD6E8021CDD7936001B6A29 /* UMSCommentInputController.xib */; };
		FCD6E8371CDD7936001B6A29 /* UMSCommentInputControlleriPad.xib in Resources */ = {isa = PBXBuildFile; fileRef = FCD6E8031CDD7936001B6A29 /* UMSCommentInputControlleriPad.xib */; };
		FCD6E8381CDD7936001B6A29 /* UMShareEditViewController.xib in Resources */ = {isa = PBXBuildFile; fileRef = FCD6E8041CDD7936001B6A29 /* UMShareEditViewController.xib */; };
		FCD6E8391CDD7936001B6A29 /* UMShareEditViewControlleriPad.xib in Resources */ = {isa = PBXBuildFile; fileRef = FCD6E8051CDD7936001B6A29 /* UMShareEditViewControlleriPad.xib */; };
		FCD6E83A1CDD7936001B6A29 /* UMSLoginViewController.xib in Resources */ = {isa = PBXBuildFile; fileRef = FCD6E8061CDD7936001B6A29 /* UMSLoginViewController.xib */; };
		FCD6E83B1CDD7936001B6A29 /* UMSnsAccountViewController.xib in Resources */ = {isa = PBXBuildFile; fileRef = FCD6E8071CDD7936001B6A29 /* UMSnsAccountViewController.xib */; };
		FCD6E83C1CDD7936001B6A29 /* UMSShareListController.xib in Resources */ = {isa = PBXBuildFile; fileRef = FCD6E8081CDD7936001B6A29 /* UMSShareListController.xib */; };
		FCD6E83D1CDD7936001B6A29 /* UMSocialSDKResourcesNew.bundle in Resources */ = {isa = PBXBuildFile; fileRef = FCD6E8091CDD7936001B6A29 /* UMSocialSDKResourcesNew.bundle */; };
		FCD6E83E1CDD7936001B6A29 /* libSocialSina.a in Frameworks */ = {isa = PBXBuildFile; fileRef = FCD6E80D1CDD7936001B6A29 /* libSocialSina.a */; };
		FCD6E83F1CDD7936001B6A29 /* libSocialWechat.a in Frameworks */ = {isa = PBXBuildFile; fileRef = FCD6E8101CDD7936001B6A29 /* libSocialWechat.a */; };
		FCD6E8401CDD7936001B6A29 /* libWeChatSDK.a in Frameworks */ = {isa = PBXBuildFile; fileRef = FCD6E8111CDD7936001B6A29 /* libWeChatSDK.a */; };
		FCD6E8421CDD7BC0001B6A29 /* theme.swift in Sources */ = {isa = PBXBuildFile; fileRef = FCD6E8411CDD7BC0001B6A29 /* theme.swift */; };
		FCD6E8441CDD8010001B6A29 /* MainTabBarController.swift in Sources */ = {isa = PBXBuildFile; fileRef = FCD6E8431CDD8010001B6A29 /* MainTabBarController.swift */; };
		FCD6E84D1CDD837E001B6A29 /* UIColor+XMColor.swift in Sources */ = {isa = PBXBuildFile; fileRef = FCD6E84C1CDD837E001B6A29 /* UIColor+XMColor.swift */; };
		FCD6E84F1CDD85D2001B6A29 /* MainNavigationController.swift in Sources */ = {isa = PBXBuildFile; fileRef = FCD6E84E1CDD85D2001B6A29 /* MainNavigationController.swift */; };
		FCD6E8511CDD8A1B001B6A29 /* MainViewController.swift in Sources */ = {isa = PBXBuildFile; fileRef = FCD6E8501CDD8A1B001B6A29 /* MainViewController.swift */; };
		FCD6E8551CDD8A90001B6A29 /* ExperienceViewController.swift in Sources */ = {isa = PBXBuildFile; fileRef = FCD6E8541CDD8A90001B6A29 /* ExperienceViewController.swift */; };
		FCD6E8571CDD8AB4001B6A29 /* ExploreViewController.swift in Sources */ = {isa = PBXBuildFile; fileRef = FCD6E8561CDD8AB4001B6A29 /* ExploreViewController.swift */; };
		FCD6E8591CDD8AC9001B6A29 /* MeViewController.swift in Sources */ = {isa = PBXBuildFile; fileRef = FCD6E8581CDD8AC9001B6A29 /* MeViewController.swift */; };
		FCD6E85B1CDD8B17001B6A29 /* ClassifyViewController.swift in Sources */ = {isa = PBXBuildFile; fileRef = FCD6E85A1CDD8B17001B6A29 /* ClassifyViewController.swift */; };
		FCD6E85D1CDD984D001B6A29 /* UIView+XMView.swift in Sources */ = {isa = PBXBuildFile; fileRef = FCD6E85C1CDD984D001B6A29 /* UIView+XMView.swift */; };
		FCD6E85F1CDD9C55001B6A29 /* CityViewController.swift in Sources */ = {isa = PBXBuildFile; fileRef = FCD6E85E1CDD9C55001B6A29 /* CityViewController.swift */; };
		FCD6E8611CDDB9A4001B6A29 /* CityCollectionViewCell.swift in Sources */ = {isa = PBXBuildFile; fileRef = FCD6E8601CDDB9A4001B6A29 /* CityCollectionViewCell.swift */; };
		FCD6E8631CDDBEB3001B6A29 /* CityHeadCollectionReusabaleView.swift in Sources */ = {isa = PBXBuildFile; fileRef = FCD6E8621CDDBEB3001B6A29 /* CityHeadCollectionReusabaleView.swift */; };
		FCD6E8651CDDCC95001B6A29 /* UIBarButtonItem+XMBarButtonItem.swift in Sources */ = {isa = PBXBuildFile; fileRef = FCD6E8641CDDCC95001B6A29 /* UIBarButtonItem+XMBarButtonItem.swift */; };
		FCD6E87B1CDDE3C9001B6A29 /* DoubleTextView.swift in Sources */ = {isa = PBXBuildFile; fileRef = FCD6E87A1CDDE3C9001B6A29 /* DoubleTextView.swift */; };
		FCDA64D91CE1C24E00334A02 /* SDRefreshHeader.swift in Sources */ = {isa = PBXBuildFile; fileRef = FCDA64D81CE1C24E00334A02 /* SDRefreshHeader.swift */; };
/* End PBXBuildFile section */

/* Begin PBXContainerItemProxy section */
		FCD6E7961CDD777C001B6A29 /* PBXContainerItemProxy */ = {
			isa = PBXContainerItemProxy;
			containerPortal = FCD6E7791CDD777C001B6A29 /* Project object */;
			proxyType = 1;
			remoteGlobalIDString = FCD6E7801CDD777C001B6A29;
			remoteInfo = XMSmallDay;
		};
		FCD6E7A11CDD777C001B6A29 /* PBXContainerItemProxy */ = {
			isa = PBXContainerItemProxy;
			containerPortal = FCD6E7791CDD777C001B6A29 /* Project object */;
			proxyType = 1;
			remoteGlobalIDString = FCD6E7801CDD777C001B6A29;
			remoteInfo = XMSmallDay;
		};
/* End PBXContainerItemProxy section */

/* Begin PBXFileReference section */
		1647161E8DA677C1A40EFC52 /* Pods.debug.xcconfig */ = {isa = PBXFileReference; includeInIndex = 1; lastKnownFileType = text.xcconfig; name = Pods.debug.xcconfig; path = "Pods/Target Support Files/Pods/Pods.debug.xcconfig"; sourceTree = "<group>"; };
		22AA54039BDF164030AF4363 /* Pods.release.xcconfig */ = {isa = PBXFileReference; includeInIndex = 1; lastKnownFileType = text.xcconfig; name = Pods.release.xcconfig; path = "Pods/Target Support Files/Pods/Pods.release.xcconfig"; sourceTree = "<group>"; };
		639396A93157EC052E5CFA2C /* libPods.a */ = {isa = PBXFileReference; explicitFileType = archive.ar; includeInIndex = 0; path = libPods.a; sourceTree = BUILT_PRODUCTS_DIR; };
		FC44321A1CE07AC4006DAB33 /* MainTableView.swift */ = {isa = PBXFileReference; fileEncoding = 4; lastKnownFileType = sourcecode.swift; path = MainTableView.swift; sourceTree = "<group>"; };
		FC44321C1CE07F9C006DAB33 /* EveryDayModel.swift */ = {isa = PBXFileReference; fileEncoding = 4; lastKnownFileType = sourcecode.swift; path = EveryDayModel.swift; sourceTree = "<group>"; };
		FC44321E1CE082F1006DAB33 /* SwiftDictModel.swift */ = {isa = PBXFileReference; fileEncoding = 4; lastKnownFileType = sourcecode.swift; path = SwiftDictModel.swift; sourceTree = "<group>"; };
		FCD6E7811CDD777C001B6A29 /* XMSmallDay.app */ = {isa = PBXFileReference; explicitFileType = wrapper.application; includeInIndex = 0; path = XMSmallDay.app; sourceTree = BUILT_PRODUCTS_DIR; };
		FCD6E7841CDD777C001B6A29 /* AppDelegate.swift */ = {isa = PBXFileReference; lastKnownFileType = sourcecode.swift; path = AppDelegate.swift; sourceTree = "<group>"; };
		FCD6E7891CDD777C001B6A29 /* Base */ = {isa = PBXFileReference; lastKnownFileType = file.storyboard; name = Base; path = Base.lproj/Main.storyboard; sourceTree = "<group>"; };
		FCD6E78B1CDD777C001B6A29 /* Assets.xcassets */ = {isa = PBXFileReference; lastKnownFileType = folder.assetcatalog; path = Assets.xcassets; sourceTree = "<group>"; };
		FCD6E78E1CDD777C001B6A29 /* Base */ = {isa = PBXFileReference; lastKnownFileType = file.storyboard; name = Base; path = Base.lproj/LaunchScreen.storyboard; sourceTree = "<group>"; };
		FCD6E7901CDD777C001B6A29 /* Info.plist */ = {isa = PBXFileReference; lastKnownFileType = text.plist.xml; path = Info.plist; sourceTree = "<group>"; };
		FCD6E7951CDD777C001B6A29 /* XMSmallDayTests.xctest */ = {isa = PBXFileReference; explicitFileType = wrapper.cfbundle; includeInIndex = 0; path = XMSmallDayTests.xctest; sourceTree = BUILT_PRODUCTS_DIR; };
		FCD6E7991CDD777C001B6A29 /* XMSmallDayTests.swift */ = {isa = PBXFileReference; lastKnownFileType = sourcecode.swift; path = XMSmallDayTests.swift; sourceTree = "<group>"; };
		FCD6E79B1CDD777C001B6A29 /* Info.plist */ = {isa = PBXFileReference; lastKnownFileType = text.plist.xml; path = Info.plist; sourceTree = "<group>"; };
		FCD6E7A01CDD777C001B6A29 /* XMSmallDayUITests.xctest */ = {isa = PBXFileReference; explicitFileType = wrapper.cfbundle; includeInIndex = 0; path = XMSmallDayUITests.xctest; sourceTree = BUILT_PRODUCTS_DIR; };
		FCD6E7A41CDD777C001B6A29 /* XMSmallDayUITests.swift */ = {isa = PBXFileReference; lastKnownFileType = sourcecode.swift; path = XMSmallDayUITests.swift; sourceTree = "<group>"; };
		FCD6E7A61CDD777C001B6A29 /* Info.plist */ = {isa = PBXFileReference; lastKnownFileType = text.plist.xml; path = Info.plist; sourceTree = "<group>"; };
		FCD6E7B51CDD7936001B6A29 /* 798 */ = {isa = PBXFileReference; fileEncoding = 4; lastKnownFileType = text; path = 798; sourceTree = "<group>"; };
		FCD6E7B61CDD7936001B6A29 /* Classify */ = {isa = PBXFileReference; fileEncoding = 4; lastKnownFileType = text; path = Classify; sourceTree = "<group>"; };
		FCD6E7B71CDD7936001B6A29 /* Details */ = {isa = PBXFileReference; fileEncoding = 4; lastKnownFileType = text; path = Details; sourceTree = "<group>"; };
		FCD6E7B81CDD7936001B6A29 /* events */ = {isa = PBXFileReference; fileEncoding = 4; lastKnownFileType = text; path = events; sourceTree = "<group>"; };
		FCD6E7B91CDD7936001B6A29 /* Experience */ = {isa = PBXFileReference; fileEncoding = 4; lastKnownFileType = text; path = Experience; sourceTree = "<group>"; };
		FCD6E7BA1CDD7936001B6A29 /* More */ = {isa = PBXFileReference; fileEncoding = 4; lastKnownFileType = text; path = More; sourceTree = "<group>"; };
		FCD6E7BB1CDD7936001B6A29 /* Nears */ = {isa = PBXFileReference; fileEncoding = 4; lastKnownFileType = text; path = Nears; sourceTree = "<group>"; };
		FCD6E7BC1CDD7936001B6A29 /* themes */ = {isa = PBXFileReference; fileEncoding = 4; lastKnownFileType = text; path = themes; sourceTree = "<group>"; };
		FCD6E7BD1CDD7936001B6A29 /* 三里屯 */ = {isa = PBXFileReference; fileEncoding = 4; lastKnownFileType = text; path = "三里屯"; sourceTree = "<group>"; };
		FCD6E7BE1CDD7936001B6A29 /* 南锣鼓巷 */ = {isa = PBXFileReference; fileEncoding = 4; lastKnownFileType = text; path = "南锣鼓巷"; sourceTree = "<group>"; };
		FCD6E7C01CDD7936001B6A29 /* fourpage-375w-667h@2x.jpg */ = {isa = PBXFileReference; lastKnownFileType = image.jpeg; path = "fourpage-375w-667h@2x.jpg"; sourceTree = "<group>"; };
		FCD6E7C11CDD7936001B6A29 /* fourpage-414w-736h@3x.jpg */ = {isa = PBXFileReference; lastKnownFileType = image.jpeg; path = "fourpage-414w-736h@3x.jpg"; sourceTree = "<group>"; };
		FCD6E7C21CDD7936001B6A29 /* fourpage-568h@2x.jpg */ = {isa = PBXFileReference; lastKnownFileType = image.jpeg; path = "fourpage-568h@2x.jpg"; sourceTree = "<group>"; };
		FCD6E7C31CDD7936001B6A29 /* fourpage@2x.jpg */ = {isa = PBXFileReference; lastKnownFileType = image.jpeg; path = "fourpage@2x.jpg"; sourceTree = "<group>"; };
		FCD6E7CF1CDD7936001B6A29 /* MKAnnotationView+WebCache.h */ = {isa = PBXFileReference; fileEncoding = 4; lastKnownFileType = sourcecode.c.h; path = "MKAnnotationView+WebCache.h"; sourceTree = "<group>"; };
		FCD6E7D01CDD7936001B6A29 /* MKAnnotationView+WebCache.m */ = {isa = PBXFileReference; fileEncoding = 4; lastKnownFileType = sourcecode.c.objc; path = "MKAnnotationView+WebCache.m"; sourceTree = "<group>"; };
		FCD6E7D11CDD7936001B6A29 /* NSData+ImageContentType.h */ = {isa = PBXFileReference; fileEncoding = 4; lastKnownFileType = sourcecode.c.h; path = "NSData+ImageContentType.h"; sourceTree = "<group>"; };
		FCD6E7D21CDD7936001B6A29 /* NSData+ImageContentType.m */ = {isa = PBXFileReference; fileEncoding = 4; lastKnownFileType = sourcecode.c.objc; path = "NSData+ImageContentType.m"; sourceTree = "<group>"; };
		FCD6E7D31CDD7936001B6A29 /* SDImageCache.h */ = {isa = PBXFileReference; fileEncoding = 4; lastKnownFileType = sourcecode.c.h; path = SDImageCache.h; sourceTree = "<group>"; };
		FCD6E7D41CDD7936001B6A29 /* SDImageCache.m */ = {isa = PBXFileReference; fileEncoding = 4; lastKnownFileType = sourcecode.c.objc; path = SDImageCache.m; sourceTree = "<group>"; };
		FCD6E7D51CDD7936001B6A29 /* SDWebImageCompat.h */ = {isa = PBXFileReference; fileEncoding = 4; lastKnownFileType = sourcecode.c.h; path = SDWebImageCompat.h; sourceTree = "<group>"; };
		FCD6E7D61CDD7936001B6A29 /* SDWebImageCompat.m */ = {isa = PBXFileReference; fileEncoding = 4; lastKnownFileType = sourcecode.c.objc; path = SDWebImageCompat.m; sourceTree = "<group>"; };
		FCD6E7D71CDD7936001B6A29 /* SDWebImageDecoder.h */ = {isa = PBXFileReference; fileEncoding = 4; lastKnownFileType = sourcecode.c.h; path = SDWebImageDecoder.h; sourceTree = "<group>"; };
		FCD6E7D81CDD7936001B6A29 /* SDWebImageDecoder.m */ = {isa = PBXFileReference; fileEncoding = 4; lastKnownFileType = sourcecode.c.objc; path = SDWebImageDecoder.m; sourceTree = "<group>"; };
		FCD6E7D91CDD7936001B6A29 /* SDWebImageDownloader.h */ = {isa = PBXFileReference; fileEncoding = 4; lastKnownFileType = sourcecode.c.h; path = SDWebImageDownloader.h; sourceTree = "<group>"; };
		FCD6E7DA1CDD7936001B6A29 /* SDWebImageDownloader.m */ = {isa = PBXFileReference; fileEncoding = 4; lastKnownFileType = sourcecode.c.objc; path = SDWebImageDownloader.m; sourceTree = "<group>"; };
		FCD6E7DB1CDD7936001B6A29 /* SDWebImageDownloaderOperation.h */ = {isa = PBXFileReference; fileEncoding = 4; lastKnownFileType = sourcecode.c.h; path = SDWebImageDownloaderOperation.h; sourceTree = "<group>"; };
		FCD6E7DC1CDD7936001B6A29 /* SDWebImageDownloaderOperation.m */ = {isa = PBXFileReference; fileEncoding = 4; lastKnownFileType = sourcecode.c.objc; path = SDWebImageDownloaderOperation.m; sourceTree = "<group>"; };
		FCD6E7DD1CDD7936001B6A29 /* SDWebImageManager.h */ = {isa = PBXFileReference; fileEncoding = 4; lastKnownFileType = sourcecode.c.h; path = SDWebImageManager.h; sourceTree = "<group>"; };
		FCD6E7DE1CDD7936001B6A29 /* SDWebImageManager.m */ = {isa = PBXFileReference; fileEncoding = 4; lastKnownFileType = sourcecode.c.objc; path = SDWebImageManager.m; sourceTree = "<group>"; };
		FCD6E7DF1CDD7936001B6A29 /* SDWebImageOperation.h */ = {isa = PBXFileReference; fileEncoding = 4; lastKnownFileType = sourcecode.c.h; path = SDWebImageOperation.h; sourceTree = "<group>"; };
		FCD6E7E01CDD7936001B6A29 /* SDWebImagePrefetcher.h */ = {isa = PBXFileReference; fileEncoding = 4; lastKnownFileType = sourcecode.c.h; path = SDWebImagePrefetcher.h; sourceTree = "<group>"; };
		FCD6E7E11CDD7936001B6A29 /* SDWebImagePrefetcher.m */ = {isa = PBXFileReference; fileEncoding = 4; lastKnownFileType = sourcecode.c.objc; path = SDWebImagePrefetcher.m; sourceTree = "<group>"; };
		FCD6E7E21CDD7936001B6A29 /* UIButton+WebCache.h */ = {isa = PBXFileReference; fileEncoding = 4; lastKnownFileType = sourcecode.c.h; path = "UIButton+WebCache.h"; sourceTree = "<group>"; };
		FCD6E7E31CDD7936001B6A29 /* UIButton+WebCache.m */ = {isa = PBXFileReference; fileEncoding = 4; lastKnownFileType = sourcecode.c.objc; path = "UIButton+WebCache.m"; sourceTree = "<group>"; };
		FCD6E7E41CDD7936001B6A29 /* UIImage+GIF.h */ = {isa = PBXFileReference; fileEncoding = 4; lastKnownFileType = sourcecode.c.h; path = "UIImage+GIF.h"; sourceTree = "<group>"; };
		FCD6E7E51CDD7936001B6A29 /* UIImage+GIF.m */ = {isa = PBXFileReference; fileEncoding = 4; lastKnownFileType = sourcecode.c.objc; path = "UIImage+GIF.m"; sourceTree = "<group>"; };
		FCD6E7E61CDD7936001B6A29 /* UIImage+MultiFormat.h */ = {isa = PBXFileReference; fileEncoding = 4; lastKnownFileType = sourcecode.c.h; path = "UIImage+MultiFormat.h"; sourceTree = "<group>"; };
		FCD6E7E71CDD7936001B6A29 /* UIImage+MultiFormat.m */ = {isa = PBXFileReference; fileEncoding = 4; lastKnownFileType = sourcecode.c.objc; path = "UIImage+MultiFormat.m"; sourceTree = "<group>"; };
		FCD6E7E81CDD7936001B6A29 /* UIImage+WebP.h */ = {isa = PBXFileReference; fileEncoding = 4; lastKnownFileType = sourcecode.c.h; path = "UIImage+WebP.h"; sourceTree = "<group>"; };
		FCD6E7E91CDD7936001B6A29 /* UIImage+WebP.m */ = {isa = PBXFileReference; fileEncoding = 4; lastKnownFileType = sourcecode.c.objc; path = "UIImage+WebP.m"; sourceTree = "<group>"; };
		FCD6E7EA1CDD7936001B6A29 /* UIImageView+HighlightedWebCache.h */ = {isa = PBXFileReference; fileEncoding = 4; lastKnownFileType = sourcecode.c.h; path = "UIImageView+HighlightedWebCache.h"; sourceTree = "<group>"; };
		FCD6E7EB1CDD7936001B6A29 /* UIImageView+HighlightedWebCache.m */ = {isa = PBXFileReference; fileEncoding = 4; lastKnownFileType = sourcecode.c.objc; path = "UIImageView+HighlightedWebCache.m"; sourceTree = "<group>"; };
		FCD6E7EC1CDD7936001B6A29 /* UIImageView+WebCache.h */ = {isa = PBXFileReference; fileEncoding = 4; lastKnownFileType = sourcecode.c.h; path = "UIImageView+WebCache.h"; sourceTree = "<group>"; };
		FCD6E7ED1CDD7936001B6A29 /* UIImageView+WebCache.m */ = {isa = PBXFileReference; fileEncoding = 4; lastKnownFileType = sourcecode.c.objc; path = "UIImageView+WebCache.m"; sourceTree = "<group>"; };
		FCD6E7EE1CDD7936001B6A29 /* UIView+WebCacheOperation.h */ = {isa = PBXFileReference; fileEncoding = 4; lastKnownFileType = sourcecode.c.h; path = "UIView+WebCacheOperation.h"; sourceTree = "<group>"; };
		FCD6E7EF1CDD7936001B6A29 /* UIView+WebCacheOperation.m */ = {isa = PBXFileReference; fileEncoding = 4; lastKnownFileType = sourcecode.c.objc; path = "UIView+WebCacheOperation.m"; sourceTree = "<group>"; };
		FCD6E7F21CDD7936001B6A29 /* en */ = {isa = PBXFileReference; lastKnownFileType = text.plist.strings; name = en; path = en.lproj/UMSocialLocalizable.strings; sourceTree = "<group>"; };
		FCD6E7F41CDD7936001B6A29 /* UMSocial.h */ = {isa = PBXFileReference; fileEncoding = 4; lastKnownFileType = sourcecode.c.h; path = UMSocial.h; sourceTree = "<group>"; };
		FCD6E7F51CDD7936001B6A29 /* UMSocialAccountManager.h */ = {isa = PBXFileReference; fileEncoding = 4; lastKnownFileType = sourcecode.c.h; path = UMSocialAccountManager.h; sourceTree = "<group>"; };
		FCD6E7F61CDD7936001B6A29 /* UMSocialBar.h */ = {isa = PBXFileReference; fileEncoding = 4; lastKnownFileType = sourcecode.c.h; path = UMSocialBar.h; sourceTree = "<group>"; };
		FCD6E7F71CDD7936001B6A29 /* UMSocialConfig.h */ = {isa = PBXFileReference; fileEncoding = 4; lastKnownFileType = sourcecode.c.h; path = UMSocialConfig.h; sourceTree = "<group>"; };
		FCD6E7F81CDD7936001B6A29 /* UMSocialControllerService.h */ = {isa = PBXFileReference; fileEncoding = 4; lastKnownFileType = sourcecode.c.h; path = UMSocialControllerService.h; sourceTree = "<group>"; };
		FCD6E7F91CDD7936001B6A29 /* UMSocialControllerServiceComment.h */ = {isa = PBXFileReference; fileEncoding = 4; lastKnownFileType = sourcecode.c.h; path = UMSocialControllerServiceComment.h; sourceTree = "<group>"; };
		FCD6E7FA1CDD7936001B6A29 /* UMSocialData.h */ = {isa = PBXFileReference; fileEncoding = 4; lastKnownFileType = sourcecode.c.h; path = UMSocialData.h; sourceTree = "<group>"; };
		FCD6E7FB1CDD7936001B6A29 /* UMSocialDataService.h */ = {isa = PBXFileReference; fileEncoding = 4; lastKnownFileType = sourcecode.c.h; path = UMSocialDataService.h; sourceTree = "<group>"; };
		FCD6E7FC1CDD7936001B6A29 /* UMSocialSnsData.h */ = {isa = PBXFileReference; fileEncoding = 4; lastKnownFileType = sourcecode.c.h; path = UMSocialSnsData.h; sourceTree = "<group>"; };
		FCD6E7FD1CDD7936001B6A29 /* UMSocialSnsPlatformManager.h */ = {isa = PBXFileReference; fileEncoding = 4; lastKnownFileType = sourcecode.c.h; path = UMSocialSnsPlatformManager.h; sourceTree = "<group>"; };
		FCD6E7FE1CDD7936001B6A29 /* UMSocialSnsService.h */ = {isa = PBXFileReference; fileEncoding = 4; lastKnownFileType = sourcecode.c.h; path = UMSocialSnsService.h; sourceTree = "<group>"; };
		FCD6E7FF1CDD7936001B6A29 /* libUMSocial_Sdk_4.2.3.a */ = {isa = PBXFileReference; lastKnownFileType = archive.ar; path = libUMSocial_Sdk_4.2.3.a; sourceTree = "<group>"; };
		FCD6E8011CDD7936001B6A29 /* UMSCommentDetailController.xib */ = {isa = PBXFileReference; fileEncoding = 4; lastKnownFileType = file.xib; path = UMSCommentDetailController.xib; sourceTree = "<group>"; };
		FCD6E8021CDD7936001B6A29 /* UMSCommentInputController.xib */ = {isa = PBXFileReference; fileEncoding = 4; lastKnownFileType = file.xib; path = UMSCommentInputController.xib; sourceTree = "<group>"; };
		FCD6E8031CDD7936001B6A29 /* UMSCommentInputControlleriPad.xib */ = {isa = PBXFileReference; fileEncoding = 4; lastKnownFileType = file.xib; path = UMSCommentInputControlleriPad.xib; sourceTree = "<group>"; };
		FCD6E8041CDD7936001B6A29 /* UMShareEditViewController.xib */ = {isa = PBXFileReference; fileEncoding = 4; lastKnownFileType = file.xib; path = UMShareEditViewController.xib; sourceTree = "<group>"; };
		FCD6E8051CDD7936001B6A29 /* UMShareEditViewControlleriPad.xib */ = {isa = PBXFileReference; fileEncoding = 4; lastKnownFileType = file.xib; path = UMShareEditViewControlleriPad.xib; sourceTree = "<group>"; };
		FCD6E8061CDD7936001B6A29 /* UMSLoginViewController.xib */ = {isa = PBXFileReference; fileEncoding = 4; lastKnownFileType = file.xib; path = UMSLoginViewController.xib; sourceTree = "<group>"; };
		FCD6E8071CDD7936001B6A29 /* UMSnsAccountViewController.xib */ = {isa = PBXFileReference; fileEncoding = 4; lastKnownFileType = file.xib; path = UMSnsAccountViewController.xib; sourceTree = "<group>"; };
		FCD6E8081CDD7936001B6A29 /* UMSShareListController.xib */ = {isa = PBXFileReference; fileEncoding = 4; lastKnownFileType = file.xib; path = UMSShareListController.xib; sourceTree = "<group>"; };
		FCD6E8091CDD7936001B6A29 /* UMSocialSDKResourcesNew.bundle */ = {isa = PBXFileReference; lastKnownFileType = "wrapper.plug-in"; path = UMSocialSDKResourcesNew.bundle; sourceTree = "<group>"; };
		FCD6E80A1CDD7936001B6A29 /* zh-Hans */ = {isa = PBXFileReference; lastKnownFileType = text.plist.strings; name = "zh-Hans"; path = "zh-Hans.lproj/UMSocialLocalizable.strings"; sourceTree = "<group>"; };
		FCD6E80D1CDD7936001B6A29 /* libSocialSina.a */ = {isa = PBXFileReference; lastKnownFileType = archive.ar; path = libSocialSina.a; sourceTree = "<group>"; };
		FCD6E80E1CDD7936001B6A29 /* UMSocialSinaHandler.h */ = {isa = PBXFileReference; fileEncoding = 4; lastKnownFileType = sourcecode.c.h; path = UMSocialSinaHandler.h; sourceTree = "<group>"; };
		FCD6E8101CDD7936001B6A29 /* libSocialWechat.a */ = {isa = PBXFileReference; lastKnownFileType = archive.ar; path = libSocialWechat.a; sourceTree = "<group>"; };
		FCD6E8111CDD7936001B6A29 /* libWeChatSDK.a */ = {isa = PBXFileReference; lastKnownFileType = archive.ar; path = libWeChatSDK.a; sourceTree = "<group>"; };
		FCD6E8121CDD7936001B6A29 /* UMSocialWechatHandler.h */ = {isa = PBXFileReference; fileEncoding = 4; lastKnownFileType = sourcecode.c.h; path = UMSocialWechatHandler.h; sourceTree = "<group>"; };
		FCD6E8131CDD7936001B6A29 /* WXApi.h */ = {isa = PBXFileReference; fileEncoding = 4; lastKnownFileType = sourcecode.c.h; path = WXApi.h; sourceTree = "<group>"; };
		FCD6E8141CDD7936001B6A29 /* WXApiObject.h */ = {isa = PBXFileReference; fileEncoding = 4; lastKnownFileType = sourcecode.c.h; path = WXApiObject.h; sourceTree = "<group>"; };
		FCD6E8411CDD7BC0001B6A29 /* theme.swift */ = {isa = PBXFileReference; fileEncoding = 4; lastKnownFileType = sourcecode.swift; path = theme.swift; sourceTree = "<group>"; };
		FCD6E8431CDD8010001B6A29 /* MainTabBarController.swift */ = {isa = PBXFileReference; fileEncoding = 4; lastKnownFileType = sourcecode.swift; path = MainTabBarController.swift; sourceTree = "<group>"; };
		FCD6E84C1CDD837E001B6A29 /* UIColor+XMColor.swift */ = {isa = PBXFileReference; fileEncoding = 4; lastKnownFileType = sourcecode.swift; path = "UIColor+XMColor.swift"; sourceTree = "<group>"; };
		FCD6E84E1CDD85D2001B6A29 /* MainNavigationController.swift */ = {isa = PBXFileReference; fileEncoding = 4; lastKnownFileType = sourcecode.swift; path = MainNavigationController.swift; sourceTree = "<group>"; };
		FCD6E8501CDD8A1B001B6A29 /* MainViewController.swift */ = {isa = PBXFileReference; fileEncoding = 4; lastKnownFileType = sourcecode.swift; path = MainViewController.swift; sourceTree = "<group>"; };
		FCD6E8541CDD8A90001B6A29 /* ExperienceViewController.swift */ = {isa = PBXFileReference; fileEncoding = 4; lastKnownFileType = sourcecode.swift; path = ExperienceViewController.swift; sourceTree = "<group>"; };
		FCD6E8561CDD8AB4001B6A29 /* ExploreViewController.swift */ = {isa = PBXFileReference; fileEncoding = 4; lastKnownFileType = sourcecode.swift; path = ExploreViewController.swift; sourceTree = "<group>"; };
		FCD6E8581CDD8AC9001B6A29 /* MeViewController.swift */ = {isa = PBXFileReference; fileEncoding = 4; lastKnownFileType = sourcecode.swift; path = MeViewController.swift; sourceTree = "<group>"; };
		FCD6E85A1CDD8B17001B6A29 /* ClassifyViewController.swift */ = {isa = PBXFileReference; fileEncoding = 4; lastKnownFileType = sourcecode.swift; path = ClassifyViewController.swift; sourceTree = "<group>"; };
		FCD6E85C1CDD984D001B6A29 /* UIView+XMView.swift */ = {isa = PBXFileReference; fileEncoding = 4; lastKnownFileType = sourcecode.swift; path = "UIView+XMView.swift"; sourceTree = "<group>"; };
		FCD6E85E1CDD9C55001B6A29 /* CityViewController.swift */ = {isa = PBXFileReference; fileEncoding = 4; lastKnownFileType = sourcecode.swift; path = CityViewController.swift; sourceTree = "<group>"; };
		FCD6E8601CDDB9A4001B6A29 /* CityCollectionViewCell.swift */ = {isa = PBXFileReference; fileEncoding = 4; lastKnownFileType = sourcecode.swift; path = CityCollectionViewCell.swift; sourceTree = "<group>"; };
		FCD6E8621CDDBEB3001B6A29 /* CityHeadCollectionReusabaleView.swift */ = {isa = PBXFileReference; fileEncoding = 4; lastKnownFileType = sourcecode.swift; path = CityHeadCollectionReusabaleView.swift; sourceTree = "<group>"; };
		FCD6E8641CDDCC95001B6A29 /* UIBarButtonItem+XMBarButtonItem.swift */ = {isa = PBXFileReference; fileEncoding = 4; lastKnownFileType = sourcecode.swift; path = "UIBarButtonItem+XMBarButtonItem.swift"; sourceTree = "<group>"; };
		FCD6E87A1CDDE3C9001B6A29 /* DoubleTextView.swift */ = {isa = PBXFileReference; fileEncoding = 4; lastKnownFileType = sourcecode.swift; path = DoubleTextView.swift; sourceTree = "<group>"; };
		FCDA64D71CE1BF3400334A02 /* XMSmallDay-Bridging-Header.h */ = {isa = PBXFileReference; lastKnownFileType = sourcecode.c.h; path = "XMSmallDay-Bridging-Header.h"; sourceTree = "<group>"; };
		FCDA64D81CE1C24E00334A02 /* SDRefreshHeader.swift */ = {isa = PBXFileReference; fileEncoding = 4; lastKnownFileType = sourcecode.swift; path = SDRefreshHeader.swift; sourceTree = "<group>"; };
/* End PBXFileReference section */

/* Begin PBXFrameworksBuildPhase section */
		FCD6E77E1CDD777C001B6A29 /* Frameworks */ = {
			isa = PBXFrameworksBuildPhase;
			buildActionMask = 2147483647;
			files = (
				FCD6E8341CDD7936001B6A29 /* libUMSocial_Sdk_4.2.3.a in Frameworks */,
				FCD6E83F1CDD7936001B6A29 /* libSocialWechat.a in Frameworks */,
				FCD6E8401CDD7936001B6A29 /* libWeChatSDK.a in Frameworks */,
				FCD6E83E1CDD7936001B6A29 /* libSocialSina.a in Frameworks */,
				F04351F9A80917BE864CC0B0 /* libPods.a in Frameworks */,
			);
			runOnlyForDeploymentPostprocessing = 0;
		};
		FCD6E7921CDD777C001B6A29 /* Frameworks */ = {
			isa = PBXFrameworksBuildPhase;
			buildActionMask = 2147483647;
			files = (
			);
			runOnlyForDeploymentPostprocessing = 0;
		};
		FCD6E79D1CDD777C001B6A29 /* Frameworks */ = {
			isa = PBXFrameworksBuildPhase;
			buildActionMask = 2147483647;
			files = (
			);
			runOnlyForDeploymentPostprocessing = 0;
		};
/* End PBXFrameworksBuildPhase section */

/* Begin PBXGroup section */
		A531AFA1D6C7B6CAA859A9C6 /* Pods */ = {
			isa = PBXGroup;
			children = (
				1647161E8DA677C1A40EFC52 /* Pods.debug.xcconfig */,
				22AA54039BDF164030AF4363 /* Pods.release.xcconfig */,
			);
			name = Pods;
			sourceTree = "<group>";
		};
		F34168C3D25306249583CFA9 /* Frameworks */ = {
			isa = PBXGroup;
			children = (
				639396A93157EC052E5CFA2C /* libPods.a */,
			);
			name = Frameworks;
			sourceTree = "<group>";
		};
		FCD6E7781CDD777C001B6A29 = {
			isa = PBXGroup;
			children = (
				FCD6E7831CDD777C001B6A29 /* XMSmallDay */,
				FCD6E7981CDD777C001B6A29 /* XMSmallDayTests */,
				FCD6E7A31CDD777C001B6A29 /* XMSmallDayUITests */,
				FCD6E7821CDD777C001B6A29 /* Products */,
				A531AFA1D6C7B6CAA859A9C6 /* Pods */,
				F34168C3D25306249583CFA9 /* Frameworks */,
			);
			sourceTree = "<group>";
		};
		FCD6E7821CDD777C001B6A29 /* Products */ = {
			isa = PBXGroup;
			children = (
				FCD6E7811CDD777C001B6A29 /* XMSmallDay.app */,
				FCD6E7951CDD777C001B6A29 /* XMSmallDayTests.xctest */,
				FCD6E7A01CDD777C001B6A29 /* XMSmallDayUITests.xctest */,
			);
			name = Products;
			sourceTree = "<group>";
		};
		FCD6E7831CDD777C001B6A29 /* XMSmallDay */ = {
			isa = PBXGroup;
			children = (
				FCD6E7B21CDD7936001B6A29 /* Classes */,
				FCD6E7841CDD777C001B6A29 /* AppDelegate.swift */,
				FCD6E7881CDD777C001B6A29 /* Main.storyboard */,
				FCD6E78B1CDD777C001B6A29 /* Assets.xcassets */,
				FCD6E78D1CDD777C001B6A29 /* LaunchScreen.storyboard */,
				FCD6E7901CDD777C001B6A29 /* Info.plist */,
			);
			path = XMSmallDay;
			sourceTree = "<group>";
		};
		FCD6E7981CDD777C001B6A29 /* XMSmallDayTests */ = {
			isa = PBXGroup;
			children = (
				FCD6E7991CDD777C001B6A29 /* XMSmallDayTests.swift */,
				FCD6E79B1CDD777C001B6A29 /* Info.plist */,
			);
			path = XMSmallDayTests;
			sourceTree = "<group>";
		};
		FCD6E7A31CDD777C001B6A29 /* XMSmallDayUITests */ = {
			isa = PBXGroup;
			children = (
				FCD6E7A41CDD777C001B6A29 /* XMSmallDayUITests.swift */,
				FCD6E7A61CDD777C001B6A29 /* Info.plist */,
			);
			path = XMSmallDayUITests;
			sourceTree = "<group>";
		};
		FCD6E7B21CDD7936001B6A29 /* Classes */ = {
			isa = PBXGroup;
			children = (
				FCD6E7B31CDD7936001B6A29 /* BusinessModel(业务模型) */,
				FCD6E7B41CDD7936001B6A29 /* CustomData */,
				FCD6E7BF1CDD7936001B6A29 /* imageFile(大图) */,
				FCD6E7C41CDD7936001B6A29 /* Tools(工具) */,
				FCD6E7C51CDD7936001B6A29 /* UI(界面) */,
				FCD6E7CD1CDD7936001B6A29 /* Venders(第三方库) */,
				FCDA64D71CE1BF3400334A02 /* XMSmallDay-Bridging-Header.h */,
			);
			path = Classes;
			sourceTree = "<group>";
		};
		FCD6E7B31CDD7936001B6A29 /* BusinessModel(业务模型) */ = {
			isa = PBXGroup;
			children = (
				FC44321C1CE07F9C006DAB33 /* EveryDayModel.swift */,
			);
			name = "BusinessModel(业务模型)";
			path = BusinessModel;
			sourceTree = "<group>";
		};
		FCD6E7B41CDD7936001B6A29 /* CustomData */ = {
			isa = PBXGroup;
			children = (
				FCD6E7B51CDD7936001B6A29 /* 798 */,
				FCD6E7B61CDD7936001B6A29 /* Classify */,
				FCD6E7B71CDD7936001B6A29 /* Details */,
				FCD6E7B81CDD7936001B6A29 /* events */,
				FCD6E7B91CDD7936001B6A29 /* Experience */,
				FCD6E7BA1CDD7936001B6A29 /* More */,
				FCD6E7BB1CDD7936001B6A29 /* Nears */,
				FCD6E7BC1CDD7936001B6A29 /* themes */,
				FCD6E7BD1CDD7936001B6A29 /* 三里屯 */,
				FCD6E7BE1CDD7936001B6A29 /* 南锣鼓巷 */,
			);
			path = CustomData;
			sourceTree = "<group>";
		};
		FCD6E7BF1CDD7936001B6A29 /* imageFile(大图) */ = {
			isa = PBXGroup;
			children = (
				FCD6E7C01CDD7936001B6A29 /* fourpage-375w-667h@2x.jpg */,
				FCD6E7C11CDD7936001B6A29 /* fourpage-414w-736h@3x.jpg */,
				FCD6E7C21CDD7936001B6A29 /* fourpage-568h@2x.jpg */,
				FCD6E7C31CDD7936001B6A29 /* fourpage@2x.jpg */,
			);
			name = "imageFile(大图)";
			path = imageFile;
			sourceTree = "<group>";
		};
		FCD6E7C41CDD7936001B6A29 /* Tools(工具) */ = {
			isa = PBXGroup;
			children = (
				FC44321E1CE082F1006DAB33 /* SwiftDictModel.swift */,
			);
			name = "Tools(工具)";
			path = Tools;
			sourceTree = "<group>";
		};
		FCD6E7C51CDD7936001B6A29 /* UI(界面) */ = {
			isa = PBXGroup;
			children = (
				FCD6E7C61CDD7936001B6A29 /* Classify(分类) */,
				FCD6E7C71CDD7936001B6A29 /* Experience(体验) */,
				FCD6E7C81CDD7936001B6A29 /* Explore(探店) */,
				FCD6E7C91CDD7936001B6A29 /* extension(扩展) */,
				FCD6E7CA1CDD7936001B6A29 /* Main(公共) */,
				FCD6E7CB1CDD7936001B6A29 /* Me(我的) */,
				FCD6E7CC1CDD7936001B6A29 /* Other(其它) */,
			);
			name = "UI(界面)";
			path = UI;
			sourceTree = "<group>";
		};
		FCD6E7C61CDD7936001B6A29 /* Classify(分类) */ = {
			isa = PBXGroup;
			children = (
				FCD6E85A1CDD8B17001B6A29 /* ClassifyViewController.swift */,
			);
			name = "Classify(分类)";
			path = Classify;
			sourceTree = "<group>";
		};
		FCD6E7C71CDD7936001B6A29 /* Experience(体验) */ = {
			isa = PBXGroup;
			children = (
				FCD6E8541CDD8A90001B6A29 /* ExperienceViewController.swift */,
			);
			name = "Experience(体验)";
			path = Experience;
			sourceTree = "<group>";
		};
		FCD6E7C81CDD7936001B6A29 /* Explore(探店) */ = {
			isa = PBXGroup;
			children = (
				FCD6E8561CDD8AB4001B6A29 /* ExploreViewController.swift */,
				FCD6E87A1CDDE3C9001B6A29 /* DoubleTextView.swift */,
			);
			name = "Explore(探店)";
			path = Explore;
			sourceTree = "<group>";
		};
		FCD6E7C91CDD7936001B6A29 /* extension(扩展) */ = {
			isa = PBXGroup;
			children = (
				FCD6E84C1CDD837E001B6A29 /* UIColor+XMColor.swift */,
				FCD6E85C1CDD984D001B6A29 /* UIView+XMView.swift */,
				FCD6E8641CDDCC95001B6A29 /* UIBarButtonItem+XMBarButtonItem.swift */,
			);
			name = "extension(扩展)";
			path = extension;
			sourceTree = "<group>";
		};
		FCD6E7CA1CDD7936001B6A29 /* Main(公共) */ = {
			isa = PBXGroup;
			children = (
				FCD6E8431CDD8010001B6A29 /* MainTabBarController.swift */,
				FCD6E84E1CDD85D2001B6A29 /* MainNavigationController.swift */,
				FCD6E8501CDD8A1B001B6A29 /* MainViewController.swift */,
				FCD6E85E1CDD9C55001B6A29 /* CityViewController.swift */,
				FCD6E8601CDDB9A4001B6A29 /* CityCollectionViewCell.swift */,
				FCD6E8621CDDBEB3001B6A29 /* CityHeadCollectionReusabaleView.swift */,
				FC44321A1CE07AC4006DAB33 /* MainTableView.swift */,
				FCDA64D81CE1C24E00334A02 /* SDRefreshHeader.swift */,
			);
			name = "Main(公共)";
			path = Main;
			sourceTree = "<group>";
		};
		FCD6E7CB1CDD7936001B6A29 /* Me(我的) */ = {
			isa = PBXGroup;
			children = (
				FCD6E8581CDD8AC9001B6A29 /* MeViewController.swift */,
			);
			name = "Me(我的)";
			path = Me;
			sourceTree = "<group>";
		};
		FCD6E7CC1CDD7936001B6A29 /* Other(其它) */ = {
			isa = PBXGroup;
			children = (
				FCD6E8411CDD7BC0001B6A29 /* theme.swift */,
			);
			name = "Other(其它)";
			path = Other;
			sourceTree = "<group>";
		};
		FCD6E7CD1CDD7936001B6A29 /* Venders(第三方库) */ = {
			isa = PBXGroup;
			children = (
				FCD6E7CE1CDD7936001B6A29 /* SDWebImage */,
				FCD6E7F01CDD7936001B6A29 /* UMSocial_Sdk_4.2.3 */,
				FCD6E80B1CDD7936001B6A29 /* UMSocial_Sdk_Extra_Frameworks */,
			);
			name = "Venders(第三方库)";
			path = Venders;
			sourceTree = "<group>";
		};
		FCD6E7CE1CDD7936001B6A29 /* SDWebImage */ = {
			isa = PBXGroup;
			children = (
				FCD6E7CF1CDD7936001B6A29 /* MKAnnotationView+WebCache.h */,
				FCD6E7D01CDD7936001B6A29 /* MKAnnotationView+WebCache.m */,
				FCD6E7D11CDD7936001B6A29 /* NSData+ImageContentType.h */,
				FCD6E7D21CDD7936001B6A29 /* NSData+ImageContentType.m */,
				FCD6E7D31CDD7936001B6A29 /* SDImageCache.h */,
				FCD6E7D41CDD7936001B6A29 /* SDImageCache.m */,
				FCD6E7D51CDD7936001B6A29 /* SDWebImageCompat.h */,
				FCD6E7D61CDD7936001B6A29 /* SDWebImageCompat.m */,
				FCD6E7D71CDD7936001B6A29 /* SDWebImageDecoder.h */,
				FCD6E7D81CDD7936001B6A29 /* SDWebImageDecoder.m */,
				FCD6E7D91CDD7936001B6A29 /* SDWebImageDownloader.h */,
				FCD6E7DA1CDD7936001B6A29 /* SDWebImageDownloader.m */,
				FCD6E7DB1CDD7936001B6A29 /* SDWebImageDownloaderOperation.h */,
				FCD6E7DC1CDD7936001B6A29 /* SDWebImageDownloaderOperation.m */,
				FCD6E7DD1CDD7936001B6A29 /* SDWebImageManager.h */,
				FCD6E7DE1CDD7936001B6A29 /* SDWebImageManager.m */,
				FCD6E7DF1CDD7936001B6A29 /* SDWebImageOperation.h */,
				FCD6E7E01CDD7936001B6A29 /* SDWebImagePrefetcher.h */,
				FCD6E7E11CDD7936001B6A29 /* SDWebImagePrefetcher.m */,
				FCD6E7E21CDD7936001B6A29 /* UIButton+WebCache.h */,
				FCD6E7E31CDD7936001B6A29 /* UIButton+WebCache.m */,
				FCD6E7E41CDD7936001B6A29 /* UIImage+GIF.h */,
				FCD6E7E51CDD7936001B6A29 /* UIImage+GIF.m */,
				FCD6E7E61CDD7936001B6A29 /* UIImage+MultiFormat.h */,
				FCD6E7E71CDD7936001B6A29 /* UIImage+MultiFormat.m */,
				FCD6E7E81CDD7936001B6A29 /* UIImage+WebP.h */,
				FCD6E7E91CDD7936001B6A29 /* UIImage+WebP.m */,
				FCD6E7EA1CDD7936001B6A29 /* UIImageView+HighlightedWebCache.h */,
				FCD6E7EB1CDD7936001B6A29 /* UIImageView+HighlightedWebCache.m */,
				FCD6E7EC1CDD7936001B6A29 /* UIImageView+WebCache.h */,
				FCD6E7ED1CDD7936001B6A29 /* UIImageView+WebCache.m */,
				FCD6E7EE1CDD7936001B6A29 /* UIView+WebCacheOperation.h */,
				FCD6E7EF1CDD7936001B6A29 /* UIView+WebCacheOperation.m */,
			);
			path = SDWebImage;
			sourceTree = "<group>";
		};
		FCD6E7F01CDD7936001B6A29 /* UMSocial_Sdk_4.2.3 */ = {
			isa = PBXGroup;
			children = (
				FCD6E7F11CDD7936001B6A29 /* UMSocialLocalizable.strings */,
				FCD6E7F31CDD7936001B6A29 /* Header */,
				FCD6E7FF1CDD7936001B6A29 /* libUMSocial_Sdk_4.2.3.a */,
				FCD6E8001CDD7936001B6A29 /* SocialSDKXib */,
				FCD6E8091CDD7936001B6A29 /* UMSocialSDKResourcesNew.bundle */,
			);
			path = UMSocial_Sdk_4.2.3;
			sourceTree = "<group>";
		};
		FCD6E7F31CDD7936001B6A29 /* Header */ = {
			isa = PBXGroup;
			children = (
				FCD6E7F41CDD7936001B6A29 /* UMSocial.h */,
				FCD6E7F51CDD7936001B6A29 /* UMSocialAccountManager.h */,
				FCD6E7F61CDD7936001B6A29 /* UMSocialBar.h */,
				FCD6E7F71CDD7936001B6A29 /* UMSocialConfig.h */,
				FCD6E7F81CDD7936001B6A29 /* UMSocialControllerService.h */,
				FCD6E7F91CDD7936001B6A29 /* UMSocialControllerServiceComment.h */,
				FCD6E7FA1CDD7936001B6A29 /* UMSocialData.h */,
				FCD6E7FB1CDD7936001B6A29 /* UMSocialDataService.h */,
				FCD6E7FC1CDD7936001B6A29 /* UMSocialSnsData.h */,
				FCD6E7FD1CDD7936001B6A29 /* UMSocialSnsPlatformManager.h */,
				FCD6E7FE1CDD7936001B6A29 /* UMSocialSnsService.h */,
			);
			path = Header;
			sourceTree = "<group>";
		};
		FCD6E8001CDD7936001B6A29 /* SocialSDKXib */ = {
			isa = PBXGroup;
			children = (
				FCD6E8011CDD7936001B6A29 /* UMSCommentDetailController.xib */,
				FCD6E8021CDD7936001B6A29 /* UMSCommentInputController.xib */,
				FCD6E8031CDD7936001B6A29 /* UMSCommentInputControlleriPad.xib */,
				FCD6E8041CDD7936001B6A29 /* UMShareEditViewController.xib */,
				FCD6E8051CDD7936001B6A29 /* UMShareEditViewControlleriPad.xib */,
				FCD6E8061CDD7936001B6A29 /* UMSLoginViewController.xib */,
				FCD6E8071CDD7936001B6A29 /* UMSnsAccountViewController.xib */,
				FCD6E8081CDD7936001B6A29 /* UMSShareListController.xib */,
			);
			path = SocialSDKXib;
			sourceTree = "<group>";
		};
		FCD6E80B1CDD7936001B6A29 /* UMSocial_Sdk_Extra_Frameworks */ = {
			isa = PBXGroup;
			children = (
				FCD6E80C1CDD7936001B6A29 /* Sina */,
				FCD6E80F1CDD7936001B6A29 /* Wechat */,
			);
			path = UMSocial_Sdk_Extra_Frameworks;
			sourceTree = "<group>";
		};
		FCD6E80C1CDD7936001B6A29 /* Sina */ = {
			isa = PBXGroup;
			children = (
				FCD6E80D1CDD7936001B6A29 /* libSocialSina.a */,
				FCD6E80E1CDD7936001B6A29 /* UMSocialSinaHandler.h */,
			);
			path = Sina;
			sourceTree = "<group>";
		};
		FCD6E80F1CDD7936001B6A29 /* Wechat */ = {
			isa = PBXGroup;
			children = (
				FCD6E8101CDD7936001B6A29 /* libSocialWechat.a */,
				FCD6E8111CDD7936001B6A29 /* libWeChatSDK.a */,
				FCD6E8121CDD7936001B6A29 /* UMSocialWechatHandler.h */,
				FCD6E8131CDD7936001B6A29 /* WXApi.h */,
				FCD6E8141CDD7936001B6A29 /* WXApiObject.h */,
			);
			path = Wechat;
			sourceTree = "<group>";
		};
/* End PBXGroup section */

/* Begin PBXNativeTarget section */
		FCD6E7801CDD777C001B6A29 /* XMSmallDay */ = {
			isa = PBXNativeTarget;
			buildConfigurationList = FCD6E7A91CDD777C001B6A29 /* Build configuration list for PBXNativeTarget "XMSmallDay" */;
			buildPhases = (
				402983066E79E371BBD89BA4 /* Check Pods Manifest.lock */,
				FCD6E77D1CDD777C001B6A29 /* Sources */,
				FCD6E77E1CDD777C001B6A29 /* Frameworks */,
				FCD6E77F1CDD777C001B6A29 /* Resources */,
				880E2DD51E4C0C026DAAEA76 /* Embed Pods Frameworks */,
				C7674CE25A42B3E365F30D85 /* Copy Pods Resources */,
			);
			buildRules = (
			);
			dependencies = (
			);
			name = XMSmallDay;
			productName = XMSmallDay;
			productReference = FCD6E7811CDD777C001B6A29 /* XMSmallDay.app */;
			productType = "com.apple.product-type.application";
		};
		FCD6E7941CDD777C001B6A29 /* XMSmallDayTests */ = {
			isa = PBXNativeTarget;
			buildConfigurationList = FCD6E7AC1CDD777C001B6A29 /* Build configuration list for PBXNativeTarget "XMSmallDayTests" */;
			buildPhases = (
				FCD6E7911CDD777C001B6A29 /* Sources */,
				FCD6E7921CDD777C001B6A29 /* Frameworks */,
				FCD6E7931CDD777C001B6A29 /* Resources */,
			);
			buildRules = (
			);
			dependencies = (
				FCD6E7971CDD777C001B6A29 /* PBXTargetDependency */,
			);
			name = XMSmallDayTests;
			productName = XMSmallDayTests;
			productReference = FCD6E7951CDD777C001B6A29 /* XMSmallDayTests.xctest */;
			productType = "com.apple.product-type.bundle.unit-test";
		};
		FCD6E79F1CDD777C001B6A29 /* XMSmallDayUITests */ = {
			isa = PBXNativeTarget;
			buildConfigurationList = FCD6E7AF1CDD777C001B6A29 /* Build configuration list for PBXNativeTarget "XMSmallDayUITests" */;
			buildPhases = (
				FCD6E79C1CDD777C001B6A29 /* Sources */,
				FCD6E79D1CDD777C001B6A29 /* Frameworks */,
				FCD6E79E1CDD777C001B6A29 /* Resources */,
			);
			buildRules = (
			);
			dependencies = (
				FCD6E7A21CDD777C001B6A29 /* PBXTargetDependency */,
			);
			name = XMSmallDayUITests;
			productName = XMSmallDayUITests;
			productReference = FCD6E7A01CDD777C001B6A29 /* XMSmallDayUITests.xctest */;
			productType = "com.apple.product-type.bundle.ui-testing";
		};
/* End PBXNativeTarget section */

/* Begin PBXProject section */
		FCD6E7791CDD777C001B6A29 /* Project object */ = {
			isa = PBXProject;
			attributes = {
				LastSwiftUpdateCheck = 0720;
				LastUpgradeCheck = 0720;
				ORGANIZATIONNAME = "Kenfor-YF";
				TargetAttributes = {
					FCD6E7801CDD777C001B6A29 = {
						CreatedOnToolsVersion = 7.2;
						DevelopmentTeam = 3639QL8CD6;
					};
					FCD6E7941CDD777C001B6A29 = {
						CreatedOnToolsVersion = 7.2;
						DevelopmentTeam = 3639QL8CD6;
						TestTargetID = FCD6E7801CDD777C001B6A29;
					};
					FCD6E79F1CDD777C001B6A29 = {
						CreatedOnToolsVersion = 7.2;
						DevelopmentTeam = 3639QL8CD6;
						TestTargetID = FCD6E7801CDD777C001B6A29;
					};
				};
			};
			buildConfigurationList = FCD6E77C1CDD777C001B6A29 /* Build configuration list for PBXProject "XMSmallDay" */;
			compatibilityVersion = "Xcode 3.2";
			developmentRegion = English;
			hasScannedForEncodings = 0;
			knownRegions = (
				en,
				Base,
				"zh-Hans",
			);
			mainGroup = FCD6E7781CDD777C001B6A29;
			productRefGroup = FCD6E7821CDD777C001B6A29 /* Products */;
			projectDirPath = "";
			projectRoot = "";
			targets = (
				FCD6E7801CDD777C001B6A29 /* XMSmallDay */,
				FCD6E7941CDD777C001B6A29 /* XMSmallDayTests */,
				FCD6E79F1CDD777C001B6A29 /* XMSmallDayUITests */,
			);
		};
/* End PBXProject section */

/* Begin PBXResourcesBuildPhase section */
		FCD6E77F1CDD777C001B6A29 /* Resources */ = {
			isa = PBXResourcesBuildPhase;
			buildActionMask = 2147483647;
			files = (
				FCD6E83B1CDD7936001B6A29 /* UMSnsAccountViewController.xib in Resources */,
				FCD6E78F1CDD777C001B6A29 /* LaunchScreen.storyboard in Resources */,
				FCD6E78C1CDD777C001B6A29 /* Assets.xcassets in Resources */,
				FCD6E8191CDD7936001B6A29 /* Experience in Resources */,
				FCD6E8371CDD7936001B6A29 /* UMSCommentInputControlleriPad.xib in Resources */,
				FCD6E81D1CDD7936001B6A29 /* 三里屯 in Resources */,
				FCD6E78A1CDD777C001B6A29 /* Main.storyboard in Resources */,
				FCD6E8221CDD7936001B6A29 /* fourpage@2x.jpg in Resources */,
				FCD6E8171CDD7936001B6A29 /* Details in Resources */,
				FCD6E83A1CDD7936001B6A29 /* UMSLoginViewController.xib in Resources */,
				FCD6E8381CDD7936001B6A29 /* UMShareEditViewController.xib in Resources */,
				FCD6E81F1CDD7936001B6A29 /* fourpage-375w-667h@2x.jpg in Resources */,
				FCD6E83D1CDD7936001B6A29 /* UMSocialSDKResourcesNew.bundle in Resources */,
				FCD6E81C1CDD7936001B6A29 /* themes in Resources */,
				FCD6E8151CDD7936001B6A29 /* 798 in Resources */,
				FCD6E81B1CDD7936001B6A29 /* Nears in Resources */,
				FCD6E81A1CDD7936001B6A29 /* More in Resources */,
				FCD6E8181CDD7936001B6A29 /* events in Resources */,
				FCD6E8161CDD7936001B6A29 /* Classify in Resources */,
				FCD6E8391CDD7936001B6A29 /* UMShareEditViewControlleriPad.xib in Resources */,
				FCD6E8331CDD7936001B6A29 /* UMSocialLocalizable.strings in Resources */,
				FCD6E8351CDD7936001B6A29 /* UMSCommentDetailController.xib in Resources */,
				FCD6E83C1CDD7936001B6A29 /* UMSShareListController.xib in Resources */,
				FCD6E8201CDD7936001B6A29 /* fourpage-414w-736h@3x.jpg in Resources */,
				FCD6E8211CDD7936001B6A29 /* fourpage-568h@2x.jpg in Resources */,
				FCD6E8361CDD7936001B6A29 /* UMSCommentInputController.xib in Resources */,
				FCD6E81E1CDD7936001B6A29 /* 南锣鼓巷 in Resources */,
			);
			runOnlyForDeploymentPostprocessing = 0;
		};
		FCD6E7931CDD777C001B6A29 /* Resources */ = {
			isa = PBXResourcesBuildPhase;
			buildActionMask = 2147483647;
			files = (
			);
			runOnlyForDeploymentPostprocessing = 0;
		};
		FCD6E79E1CDD777C001B6A29 /* Resources */ = {
			isa = PBXResourcesBuildPhase;
			buildActionMask = 2147483647;
			files = (
			);
			runOnlyForDeploymentPostprocessing = 0;
		};
/* End PBXResourcesBuildPhase section */

/* Begin PBXShellScriptBuildPhase section */
		402983066E79E371BBD89BA4 /* Check Pods Manifest.lock */ = {
			isa = PBXShellScriptBuildPhase;
			buildActionMask = 2147483647;
			files = (
			);
			inputPaths = (
			);
			name = "Check Pods Manifest.lock";
			outputPaths = (
			);
			runOnlyForDeploymentPostprocessing = 0;
			shellPath = /bin/sh;
			shellScript = "diff \"${PODS_ROOT}/../Podfile.lock\" \"${PODS_ROOT}/Manifest.lock\" > /dev/null\nif [[ $? != 0 ]] ; then\n    cat << EOM\nerror: The sandbox is not in sync with the Podfile.lock. Run 'pod install' or update your CocoaPods installation.\nEOM\n    exit 1\nfi\n";
			showEnvVarsInLog = 0;
		};
		880E2DD51E4C0C026DAAEA76 /* Embed Pods Frameworks */ = {
			isa = PBXShellScriptBuildPhase;
			buildActionMask = 2147483647;
			files = (
			);
			inputPaths = (
			);
			name = "Embed Pods Frameworks";
			outputPaths = (
			);
			runOnlyForDeploymentPostprocessing = 0;
			shellPath = /bin/sh;
			shellScript = "\"${SRCROOT}/Pods/Target Support Files/Pods/Pods-frameworks.sh\"\n";
			showEnvVarsInLog = 0;
		};
		C7674CE25A42B3E365F30D85 /* Copy Pods Resources */ = {
			isa = PBXShellScriptBuildPhase;
			buildActionMask = 2147483647;
			files = (
			);
			inputPaths = (
			);
			name = "Copy Pods Resources";
			outputPaths = (
			);
			runOnlyForDeploymentPostprocessing = 0;
			shellPath = /bin/sh;
			shellScript = "\"${SRCROOT}/Pods/Target Support Files/Pods/Pods-resources.sh\"\n";
			showEnvVarsInLog = 0;
		};
/* End PBXShellScriptBuildPhase section */

/* Begin PBXSourcesBuildPhase section */
		FCD6E77D1CDD777C001B6A29 /* Sources */ = {
			isa = PBXSourcesBuildPhase;
			buildActionMask = 2147483647;
			files = (
				FCD6E8591CDD8AC9001B6A29 /* MeViewController.swift in Sources */,
				FCD6E8611CDDB9A4001B6A29 /* CityCollectionViewCell.swift in Sources */,
				FCD6E8551CDD8A90001B6A29 /* ExperienceViewController.swift in Sources */,
				FCD6E82D1CDD7936001B6A29 /* UIImage+GIF.m in Sources */,
				FCD6E8511CDD8A1B001B6A29 /* MainViewController.swift in Sources */,
				FCD6E8281CDD7936001B6A29 /* SDWebImageDownloader.m in Sources */,
				FCD6E8301CDD7936001B6A29 /* UIImageView+HighlightedWebCache.m in Sources */,
				FCD6E82C1CDD7936001B6A29 /* UIButton+WebCache.m in Sources */,
				FC44321D1CE07F9C006DAB33 /* EveryDayModel.swift in Sources */,
				FCD6E8311CDD7936001B6A29 /* UIImageView+WebCache.m in Sources */,
				FCD6E8271CDD7936001B6A29 /* SDWebImageDecoder.m in Sources */,
				FCD6E87B1CDDE3C9001B6A29 /* DoubleTextView.swift in Sources */,
				FCD6E8261CDD7936001B6A29 /* SDWebImageCompat.m in Sources */,
				FCD6E8421CDD7BC0001B6A29 /* theme.swift in Sources */,
				FCD6E7851CDD777C001B6A29 /* AppDelegate.swift in Sources */,
				FCD6E82F1CDD7936001B6A29 /* UIImage+WebP.m in Sources */,
				FCD6E8571CDD8AB4001B6A29 /* ExploreViewController.swift in Sources */,
				FCD6E8241CDD7936001B6A29 /* NSData+ImageContentType.m in Sources */,
				FCD6E8631CDDBEB3001B6A29 /* CityHeadCollectionReusabaleView.swift in Sources */,
				FCD6E8291CDD7936001B6A29 /* SDWebImageDownloaderOperation.m in Sources */,
				FCD6E85B1CDD8B17001B6A29 /* ClassifyViewController.swift in Sources */,
				FCD6E84D1CDD837E001B6A29 /* UIColor+XMColor.swift in Sources */,
				FC44321F1CE082F1006DAB33 /* SwiftDictModel.swift in Sources */,
				FC44321B1CE07AC4006DAB33 /* MainTableView.swift in Sources */,
				FCD6E82A1CDD7936001B6A29 /* SDWebImageManager.m in Sources */,
				FCD6E8651CDDCC95001B6A29 /* UIBarButtonItem+XMBarButtonItem.swift in Sources */,
				FCD6E8441CDD8010001B6A29 /* MainTabBarController.swift in Sources */,
				FCDA64D91CE1C24E00334A02 /* SDRefreshHeader.swift in Sources */,
				FCD6E82E1CDD7936001B6A29 /* UIImage+MultiFormat.m in Sources */,
				FCD6E82B1CDD7936001B6A29 /* SDWebImagePrefetcher.m in Sources */,
				FCD6E85D1CDD984D001B6A29 /* UIView+XMView.swift in Sources */,
				FCD6E8231CDD7936001B6A29 /* MKAnnotationView+WebCache.m in Sources */,
				FCD6E84F1CDD85D2001B6A29 /* MainNavigationController.swift in Sources */,
				FCD6E8321CDD7936001B6A29 /* UIView+WebCacheOperation.m in Sources */,
				FCD6E8251CDD7936001B6A29 /* SDImageCache.m in Sources */,
				FCD6E85F1CDD9C55001B6A29 /* CityViewController.swift in Sources */,
			);
			runOnlyForDeploymentPostprocessing = 0;
		};
		FCD6E7911CDD777C001B6A29 /* Sources */ = {
			isa = PBXSourcesBuildPhase;
			buildActionMask = 2147483647;
			files = (
				FCD6E79A1CDD777C001B6A29 /* XMSmallDayTests.swift in Sources */,
			);
			runOnlyForDeploymentPostprocessing = 0;
		};
		FCD6E79C1CDD777C001B6A29 /* Sources */ = {
			isa = PBXSourcesBuildPhase;
			buildActionMask = 2147483647;
			files = (
				FCD6E7A51CDD777C001B6A29 /* XMSmallDayUITests.swift in Sources */,
			);
			runOnlyForDeploymentPostprocessing = 0;
		};
/* End PBXSourcesBuildPhase section */

/* Begin PBXTargetDependency section */
		FCD6E7971CDD777C001B6A29 /* PBXTargetDependency */ = {
			isa = PBXTargetDependency;
			target = FCD6E7801CDD777C001B6A29 /* XMSmallDay */;
			targetProxy = FCD6E7961CDD777C001B6A29 /* PBXContainerItemProxy */;
		};
		FCD6E7A21CDD777C001B6A29 /* PBXTargetDependency */ = {
			isa = PBXTargetDependency;
			target = FCD6E7801CDD777C001B6A29 /* XMSmallDay */;
			targetProxy = FCD6E7A11CDD777C001B6A29 /* PBXContainerItemProxy */;
		};
/* End PBXTargetDependency section */

/* Begin PBXVariantGroup section */
		FCD6E7881CDD777C001B6A29 /* Main.storyboard */ = {
			isa = PBXVariantGroup;
			children = (
				FCD6E7891CDD777C001B6A29 /* Base */,
			);
			name = Main.storyboard;
			sourceTree = "<group>";
		};
		FCD6E78D1CDD777C001B6A29 /* LaunchScreen.storyboard */ = {
			isa = PBXVariantGroup;
			children = (
				FCD6E78E1CDD777C001B6A29 /* Base */,
			);
			name = LaunchScreen.storyboard;
			sourceTree = "<group>";
		};
		FCD6E7F11CDD7936001B6A29 /* UMSocialLocalizable.strings */ = {
			isa = PBXVariantGroup;
			children = (
				FCD6E7F21CDD7936001B6A29 /* en */,
				FCD6E80A1CDD7936001B6A29 /* zh-Hans */,
			);
			name = UMSocialLocalizable.strings;
			sourceTree = "<group>";
		};
/* End PBXVariantGroup section */

/* Begin XCBuildConfiguration section */
		FCD6E7A71CDD777C001B6A29 /* Debug */ = {
			isa = XCBuildConfiguration;
			buildSettings = {
				ALWAYS_SEARCH_USER_PATHS = NO;
				CLANG_CXX_LANGUAGE_STANDARD = "gnu++0x";
				CLANG_CXX_LIBRARY = "libc++";
				CLANG_ENABLE_MODULES = YES;
				CLANG_ENABLE_OBJC_ARC = YES;
				CLANG_WARN_BOOL_CONVERSION = YES;
				CLANG_WARN_CONSTANT_CONVERSION = YES;
				CLANG_WARN_DIRECT_OBJC_ISA_USAGE = YES_ERROR;
				CLANG_WARN_EMPTY_BODY = YES;
				CLANG_WARN_ENUM_CONVERSION = YES;
				CLANG_WARN_INT_CONVERSION = YES;
				CLANG_WARN_OBJC_ROOT_CLASS = YES_ERROR;
				CLANG_WARN_UNREACHABLE_CODE = YES;
				CLANG_WARN__DUPLICATE_METHOD_MATCH = YES;
				"CODE_SIGN_IDENTITY[sdk=iphoneos*]" = "iPhone Developer";
				COPY_PHASE_STRIP = NO;
				DEBUG_INFORMATION_FORMAT = dwarf;
				ENABLE_STRICT_OBJC_MSGSEND = YES;
				ENABLE_TESTABILITY = YES;
				GCC_C_LANGUAGE_STANDARD = gnu99;
				GCC_DYNAMIC_NO_PIC = NO;
				GCC_NO_COMMON_BLOCKS = YES;
				GCC_OPTIMIZATION_LEVEL = 0;
				GCC_PREPROCESSOR_DEFINITIONS = (
					"DEBUG=1",
					"$(inherited)",
				);
				GCC_WARN_64_TO_32_BIT_CONVERSION = YES;
				GCC_WARN_ABOUT_RETURN_TYPE = YES_ERROR;
				GCC_WARN_UNDECLARED_SELECTOR = YES;
				GCC_WARN_UNINITIALIZED_AUTOS = YES_AGGRESSIVE;
				GCC_WARN_UNUSED_FUNCTION = YES;
				GCC_WARN_UNUSED_VARIABLE = YES;
				IPHONEOS_DEPLOYMENT_TARGET = 9.2;
				MTL_ENABLE_DEBUG_INFO = YES;
				ONLY_ACTIVE_ARCH = YES;
				SDKROOT = iphoneos;
				SWIFT_OPTIMIZATION_LEVEL = "-Onone";
			};
			name = Debug;
		};
		FCD6E7A81CDD777C001B6A29 /* Release */ = {
			isa = XCBuildConfiguration;
			buildSettings = {
				ALWAYS_SEARCH_USER_PATHS = NO;
				CLANG_CXX_LANGUAGE_STANDARD = "gnu++0x";
				CLANG_CXX_LIBRARY = "libc++";
				CLANG_ENABLE_MODULES = YES;
				CLANG_ENABLE_OBJC_ARC = YES;
				CLANG_WARN_BOOL_CONVERSION = YES;
				CLANG_WARN_CONSTANT_CONVERSION = YES;
				CLANG_WARN_DIRECT_OBJC_ISA_USAGE = YES_ERROR;
				CLANG_WARN_EMPTY_BODY = YES;
				CLANG_WARN_ENUM_CONVERSION = YES;
				CLANG_WARN_INT_CONVERSION = YES;
				CLANG_WARN_OBJC_ROOT_CLASS = YES_ERROR;
				CLANG_WARN_UNREACHABLE_CODE = YES;
				CLANG_WARN__DUPLICATE_METHOD_MATCH = YES;
				"CODE_SIGN_IDENTITY[sdk=iphoneos*]" = "iPhone Developer";
				COPY_PHASE_STRIP = NO;
				DEBUG_INFORMATION_FORMAT = "dwarf-with-dsym";
				ENABLE_NS_ASSERTIONS = NO;
				ENABLE_STRICT_OBJC_MSGSEND = YES;
				GCC_C_LANGUAGE_STANDARD = gnu99;
				GCC_NO_COMMON_BLOCKS = YES;
				GCC_WARN_64_TO_32_BIT_CONVERSION = YES;
				GCC_WARN_ABOUT_RETURN_TYPE = YES_ERROR;
				GCC_WARN_UNDECLARED_SELECTOR = YES;
				GCC_WARN_UNINITIALIZED_AUTOS = YES_AGGRESSIVE;
				GCC_WARN_UNUSED_FUNCTION = YES;
				GCC_WARN_UNUSED_VARIABLE = YES;
				IPHONEOS_DEPLOYMENT_TARGET = 9.2;
				MTL_ENABLE_DEBUG_INFO = NO;
				SDKROOT = iphoneos;
				VALIDATE_PRODUCT = YES;
			};
			name = Release;
		};
		FCD6E7AA1CDD777C001B6A29 /* Debug */ = {
			isa = XCBuildConfiguration;
			baseConfigurationReference = 1647161E8DA677C1A40EFC52 /* Pods.debug.xcconfig */;
			buildSettings = {
				ASSETCATALOG_COMPILER_APPICON_NAME = AppIcon;
				INFOPLIST_FILE = XMSmallDay/Info.plist;
				LD_RUNPATH_SEARCH_PATHS = "$(inherited) @executable_path/Frameworks";
				LIBRARY_SEARCH_PATHS = (
					"$(inherited)",
					"$(PROJECT_DIR)/XMSmallDay/Classes/Venders/UMSocial_Sdk_4.2.3",
					"$(PROJECT_DIR)/XMSmallDay/Classes/Venders/UMSocial_Sdk_Extra_Frameworks/Sina",
					"$(PROJECT_DIR)/XMSmallDay/Classes/Venders/UMSocial_Sdk_Extra_Frameworks/Wechat",
				);
				PRODUCT_BUNDLE_IDENTIFIER = com.kenfor.XMSmallDay;
				PRODUCT_NAME = "$(TARGET_NAME)";
				SWIFT_OBJC_BRIDGING_HEADER = "/Users/kenfor-yf/Desktop/XMSmallDay/XMSmallDay/Classes/XMSmallDay-Bridging-Header.h";
			};
			name = Debug;
		};
		FCD6E7AB1CDD777C001B6A29 /* Release */ = {
			isa = XCBuildConfiguration;
			baseConfigurationReference = 22AA54039BDF164030AF4363 /* Pods.release.xcconfig */;
			buildSettings = {
				ASSETCATALOG_COMPILER_APPICON_NAME = AppIcon;
				INFOPLIST_FILE = XMSmallDay/Info.plist;
				LD_RUNPATH_SEARCH_PATHS = "$(inherited) @executable_path/Frameworks";
				LIBRARY_SEARCH_PATHS = (
					"$(inherited)",
					"$(PROJECT_DIR)/XMSmallDay/Classes/Venders/UMSocial_Sdk_4.2.3",
					"$(PROJECT_DIR)/XMSmallDay/Classes/Venders/UMSocial_Sdk_Extra_Frameworks/Sina",
					"$(PROJECT_DIR)/XMSmallDay/Classes/Venders/UMSocial_Sdk_Extra_Frameworks/Wechat",
				);
				PRODUCT_BUNDLE_IDENTIFIER = com.kenfor.XMSmallDay;
				PRODUCT_NAME = "$(TARGET_NAME)";
				SWIFT_OBJC_BRIDGING_HEADER = "/Users/kenfor-yf/Desktop/XMSmallDay/XMSmallDay/Classes/XMSmallDay-Bridging-Header.h";
			};
			name = Release;
		};
		FCD6E7AD1CDD777C001B6A29 /* Debug */ = {
			isa = XCBuildConfiguration;
			buildSettings = {
				BUNDLE_LOADER = "$(TEST_HOST)";
				INFOPLIST_FILE = XMSmallDayTests/Info.plist;
				LD_RUNPATH_SEARCH_PATHS = "$(inherited) @executable_path/Frameworks @loader_path/Frameworks";
				PRODUCT_BUNDLE_IDENTIFIER = com.kenfor.XMSmallDayTests;
				PRODUCT_NAME = "$(TARGET_NAME)";
				TEST_HOST = "$(BUILT_PRODUCTS_DIR)/XMSmallDay.app/XMSmallDay";
			};
			name = Debug;
		};
		FCD6E7AE1CDD777C001B6A29 /* Release */ = {
			isa = XCBuildConfiguration;
			buildSettings = {
				BUNDLE_LOADER = "$(TEST_HOST)";
				INFOPLIST_FILE = XMSmallDayTests/Info.plist;
				LD_RUNPATH_SEARCH_PATHS = "$(inherited) @executable_path/Frameworks @loader_path/Frameworks";
				PRODUCT_BUNDLE_IDENTIFIER = com.kenfor.XMSmallDayTests;
				PRODUCT_NAME = "$(TARGET_NAME)";
				TEST_HOST = "$(BUILT_PRODUCTS_DIR)/XMSmallDay.app/XMSmallDay";
			};
			name = Release;
		};
		FCD6E7B01CDD777C001B6A29 /* Debug */ = {
			isa = XCBuildConfiguration;
			buildSettings = {
				INFOPLIST_FILE = XMSmallDayUITests/Info.plist;
				LD_RUNPATH_SEARCH_PATHS = "$(inherited) @executable_path/Frameworks @loader_path/Frameworks";
				PRODUCT_BUNDLE_IDENTIFIER = com.kenfor.XMSmallDayUITests;
				PRODUCT_NAME = "$(TARGET_NAME)";
				TEST_TARGET_NAME = XMSmallDay;
				USES_XCTRUNNER = YES;
			};
			name = Debug;
		};
		FCD6E7B11CDD777C001B6A29 /* Release */ = {
			isa = XCBuildConfiguration;
			buildSettings = {
				INFOPLIST_FILE = XMSmallDayUITests/Info.plist;
				LD_RUNPATH_SEARCH_PATHS = "$(inherited) @executable_path/Frameworks @loader_path/Frameworks";
				PRODUCT_BUNDLE_IDENTIFIER = com.kenfor.XMSmallDayUITests;
				PRODUCT_NAME = "$(TARGET_NAME)";
				TEST_TARGET_NAME = XMSmallDay;
				USES_XCTRUNNER = YES;
			};
			name = Release;
		};
/* End XCBuildConfiguration section */

/* Begin XCConfigurationList section */
		FCD6E77C1CDD777C001B6A29 /* Build configuration list for PBXProject "XMSmallDay" */ = {
			isa = XCConfigurationList;
			buildConfigurations = (
				FCD6E7A71CDD777C001B6A29 /* Debug */,
				FCD6E7A81CDD777C001B6A29 /* Release */,
			);
			defaultConfigurationIsVisible = 0;
			defaultConfigurationName = Release;
		};
		FCD6E7A91CDD777C001B6A29 /* Build configuration list for PBXNativeTarget "XMSmallDay" */ = {
			isa = XCConfigurationList;
			buildConfigurations = (
				FCD6E7AA1CDD777C001B6A29 /* Debug */,
				FCD6E7AB1CDD777C001B6A29 /* Release */,
			);
			defaultConfigurationIsVisible = 0;
			defaultConfigurationName = Release;
		};
		FCD6E7AC1CDD777C001B6A29 /* Build configuration list for PBXNativeTarget "XMSmallDayTests" */ = {
			isa = XCConfigurationList;
			buildConfigurations = (
				FCD6E7AD1CDD777C001B6A29 /* Debug */,
				FCD6E7AE1CDD777C001B6A29 /* Release */,
			);
			defaultConfigurationIsVisible = 0;
			defaultConfigurationName = Release;
		};
		FCD6E7AF1CDD777C001B6A29 /* Build configuration list for PBXNativeTarget "XMSmallDayUITests" */ = {
			isa = XCConfigurationList;
			buildConfigurations = (
				FCD6E7B01CDD777C001B6A29 /* Debug */,
				FCD6E7B11CDD777C001B6A29 /* Release */,
			);
			defaultConfigurationIsVisible = 0;
			defaultConfigurationName = Release;
		};
/* End XCConfigurationList section */
	};
	rootObject = FCD6E7791CDD777C001B6A29 /* Project object */;
}
