// !$*UTF8*$!
{
	archiveVersion = 1;
	classes = {
	};
	objectVersion = 46;
	objects = {

/* Begin PBXBuildFile section */
		F04351F9A80917BE864CC0B0 /* libPods.a in Frameworks */ = {isa = PBXBuildFile; fileRef = 639396A93157EC052E5CFA2C /* libPods.a */; };
		FC1F10031CEEDFCE00A5E942 /* ExperienceModel.swift in Sources */ = {isa = PBXBuildFile; fileRef = FC1F10021CEEDFCE00A5E942 /* ExperienceModel.swift */; };
		FC1F10061CEEE83F00A5E942 /* ExperienceCell.swift in Sources */ = {isa = PBXBuildFile; fileRef = FC1F10041CEEE83F00A5E942 /* ExperienceCell.swift */; };
		FC1F10071CEEE83F00A5E942 /* ExperienceCell.xib in Resources */ = {isa = PBXBuildFile; fileRef = FC1F10051CEEE83F00A5E942 /* ExperienceCell.xib */; };
		FC1F10101CEEF93D00A5E942 /* ExperHeadView.swift in Sources */ = {isa = PBXBuildFile; fileRef = FC1F100F1CEEF93D00A5E942 /* ExperHeadView.swift */; };
		FC44321B1CE07AC4006DAB33 /* MainTableView.swift in Sources */ = {isa = PBXBuildFile; fileRef = FC44321A1CE07AC4006DAB33 /* MainTableView.swift */; };
		FC44321D1CE07F9C006DAB33 /* EveryDayModel.swift in Sources */ = {isa = PBXBuildFile; fileRef = FC44321C1CE07F9C006DAB33 /* EveryDayModel.swift */; };
		FC44321F1CE082F1006DAB33 /* SwiftDictModel.swift in Sources */ = {isa = PBXBuildFile; fileRef = FC44321E1CE082F1006DAB33 /* SwiftDictModel.swift */; };
		FC4EED481CED499700BE55F1 /* ClassDetailViewController.swift in Sources */ = {isa = PBXBuildFile; fileRef = FC4EED471CED499700BE55F1 /* ClassDetailViewController.swift */; };
		FC4EED4A1CED4FB000BE55F1 /* UserInfoManager.swift in Sources */ = {isa = PBXBuildFile; fileRef = FC4EED491CED4FB000BE55F1 /* UserInfoManager.swift */; };
		FC4EEDA91CED8B1000BE55F1 /* CoreGraphics.framework in Frameworks */ = {isa = PBXBuildFile; fileRef = FC4EEDA81CED8B1000BE55F1 /* CoreGraphics.framework */; };
		FC4EEDAB1CED8B2A00BE55F1 /* SystemConfiguration.framework in Frameworks */ = {isa = PBXBuildFile; fileRef = FC4EEDAA1CED8B2A00BE55F1 /* SystemConfiguration.framework */; };
		FC4EEDAD1CED8C0400BE55F1 /* CoreLocation.framework in Frameworks */ = {isa = PBXBuildFile; fileRef = FC4EEDAC1CED8C0400BE55F1 /* CoreLocation.framework */; };
		FC4EEDAF1CED8C4700BE55F1 /* CoreTelephony.framework in Frameworks */ = {isa = PBXBuildFile; fileRef = FC4EEDAE1CED8C4700BE55F1 /* CoreTelephony.framework */; };
		FC4EEDB11CED901D00BE55F1 /* libc++.1.dylib in Frameworks */ = {isa = PBXBuildFile; fileRef = FC4EEDB01CED901D00BE55F1 /* libc++.1.dylib */; };
		FC4EEDB31CED903700BE55F1 /* libz.1.dylib in Frameworks */ = {isa = PBXBuildFile; fileRef = FC4EEDB21CED903700BE55F1 /* libz.1.dylib */; };
		FC4EEDB51CED905300BE55F1 /* libsqlite3.dylib in Frameworks */ = {isa = PBXBuildFile; fileRef = FC4EEDB41CED905300BE55F1 /* libsqlite3.dylib */; };
		FC4EEDB71CED907300BE55F1 /* libiconv.2.dylib in Frameworks */ = {isa = PBXBuildFile; fileRef = FC4EEDB61CED907300BE55F1 /* libiconv.2.dylib */; };
		FC4EEDB91CED907B00BE55F1 /* Security.framework in Frameworks */ = {isa = PBXBuildFile; fileRef = FC4EEDB81CED907A00BE55F1 /* Security.framework */; };
		FC4EEDC01CED9FF900BE55F1 /* IconView.swift in Sources */ = {isa = PBXBuildFile; fileRef = FC4EEDBF1CED9FF900BE55F1 /* IconView.swift */; };
		FC4EEDC21CEDAE6200BE55F1 /* LoginViewController.swift in Sources */ = {isa = PBXBuildFile; fileRef = FC4EEDC11CEDAE6200BE55F1 /* LoginViewController.swift */; };
		FC7596811CF28FCC00FBFB5A /* RecommendViewController.swift in Sources */ = {isa = PBXBuildFile; fileRef = FC7596801CF28FCC00FBFB5A /* RecommendViewController.swift */; };
		FC7596831CF2907100FBFB5A /* LoadAnimatImageView.swift in Sources */ = {isa = PBXBuildFile; fileRef = FC7596821CF2907100FBFB5A /* LoadAnimatImageView.swift */; };
		FC75968C1CF2B1DD00FBFB5A /* ExperHeadPushViewController.swift in Sources */ = {isa = PBXBuildFile; fileRef = FC75968B1CF2B1DD00FBFB5A /* ExperHeadPushViewController.swift */; };
		FC7A7C551CF042A40027AFCB /* feedbackViewController.swift in Sources */ = {isa = PBXBuildFile; fileRef = FC7A7C541CF042A40027AFCB /* feedbackViewController.swift */; };
		FC7A7C571CF04FB00027AFCB /* String+XMString.swift in Sources */ = {isa = PBXBuildFile; fileRef = FC7A7C561CF04FB00027AFCB /* String+XMString.swift */; };
		FC7A7C591CF0590C0027AFCB /* OrderViewController.swift in Sources */ = {isa = PBXBuildFile; fileRef = FC7A7C581CF0590C0027AFCB /* OrderViewController.swift */; };
		FC7A7C5B1CF059170027AFCB /* OrderViewController.xib in Resources */ = {isa = PBXBuildFile; fileRef = FC7A7C5A1CF059170027AFCB /* OrderViewController.xib */; };
		FC7A7C5E1CF05EDA0027AFCB /* MyCenterViewController.swift in Sources */ = {isa = PBXBuildFile; fileRef = FC7A7C5C1CF05EDA0027AFCB /* MyCenterViewController.swift */; };
		FC7A7C5F1CF05EDA0027AFCB /* MyCenterViewController.xib in Resources */ = {isa = PBXBuildFile; fileRef = FC7A7C5D1CF05EDA0027AFCB /* MyCenterViewController.xib */; };
		FC9327C41CE9A59E00CF3905 /* ThemeCell.swift in Sources */ = {isa = PBXBuildFile; fileRef = FC9327C21CE9A59E00CF3905 /* ThemeCell.swift */; };
		FC9327C51CE9A59E00CF3905 /* ThemeCell.xib in Resources */ = {isa = PBXBuildFile; fileRef = FC9327C31CE9A59E00CF3905 /* ThemeCell.xib */; };
		FC9327C71CE9A9B200CF3905 /* UIImageView+XMImage.swift in Sources */ = {isa = PBXBuildFile; fileRef = FC9327C61CE9A9B200CF3905 /* UIImageView+XMImage.swift */; };
		FC9327FB1CE9B44900CF3905 /* EventCellTableViewCell.swift in Sources */ = {isa = PBXBuildFile; fileRef = FC9327FA1CE9B44900CF3905 /* EventCellTableViewCell.swift */; };
		FC9327FD1CE9B45F00CF3905 /* EventCellTableViewCell.xib in Resources */ = {isa = PBXBuildFile; fileRef = FC9327FC1CE9B45F00CF3905 /* EventCellTableViewCell.xib */; };
		FCB56C341CEB164B0020E1CC /* ClassifyModel.swift in Sources */ = {isa = PBXBuildFile; fileRef = FCB56C331CEB164B0020E1CC /* ClassifyModel.swift */; };
		FCB56C381CEB1C700020E1CC /* ClassifyCell.swift in Sources */ = {isa = PBXBuildFile; fileRef = FCB56C371CEB1C700020E1CC /* ClassifyCell.swift */; };
		FCB56C3A1CEB1C820020E1CC /* ClassifyCell.xib in Resources */ = {isa = PBXBuildFile; fileRef = FCB56C391CEB1C820020E1CC /* ClassifyCell.xib */; };
		FCD6E7851CDD777C001B6A29 /* AppDelegate.swift in Sources */ = {isa = PBXBuildFile; fileRef = FCD6E7841CDD777C001B6A29 /* AppDelegate.swift */; };
		FCD6E78A1CDD777C001B6A29 /* Main.storyboard in Resources */ = {isa = PBXBuildFile; fileRef = FCD6E7881CDD777C001B6A29 /* Main.storyboard */; };
		FCD6E78C1CDD777C001B6A29 /* Assets.xcassets in Resources */ = {isa = PBXBuildFile; fileRef = FCD6E78B1CDD777C001B6A29 /* Assets.xcassets */; };
		FCD6E78F1CDD777C001B6A29 /* LaunchScreen.storyboard in Resources */ = {isa = PBXBuildFile; fileRef = FCD6E78D1CDD777C001B6A29 /* LaunchScreen.storyboard */; };
		FCD6E79A1CDD777C001B6A29 /* XMSmallDayTests.swift in Sources */ = {isa = PBXBuildFile; fileRef = FCD6E7991CDD777C001B6A29 /* XMSmallDayTests.swift */; };
		FCD6E7A51CDD777C001B6A29 /* XMSmallDayUITests.swift in Sources */ = {isa = PBXBuildFile; fileRef = FCD6E7A41CDD777C001B6A29 /* XMSmallDayUITests.swift */; };
		FCD6E8151CDD7936001B6A29 /* 798 in Resources */ = {isa = PBXBuildFile; fileRef = FCD6E7B51CDD7936001B6A29 /* 798 */; };
		FCD6E8161CDD7936001B6A29 /* Classify in Resources */ = {isa = PBXBuildFile; fileRef = FCD6E7B61CDD7936001B6A29 /* Classify */; };
		FCD6E8171CDD7936001B6A29 /* Details in Resources */ = {isa = PBXBuildFile; fileRef = FCD6E7B71CDD7936001B6A29 /* Details */; };
		FCD6E8181CDD7936001B6A29 /* events in Resources */ = {isa = PBXBuildFile; fileRef = FCD6E7B81CDD7936001B6A29 /* events */; };
		FCD6E8191CDD7936001B6A29 /* Experience in Resources */ = {isa = PBXBuildFile; fileRef = FCD6E7B91CDD7936001B6A29 /* Experience */; };
		FCD6E81A1CDD7936001B6A29 /* More in Resources */ = {isa = PBXBuildFile; fileRef = FCD6E7BA1CDD7936001B6A29 /* More */; };
		FCD6E81B1CDD7936001B6A29 /* Nears in Resources */ = {isa = PBXBuildFile; fileRef = FCD6E7BB1CDD7936001B6A29 /* Nears */; };
		FCD6E81C1CDD7936001B6A29 /* themes in Resources */ = {isa = PBXBuildFile; fileRef = FCD6E7BC1CDD7936001B6A29 /* themes */; };
		FCD6E81D1CDD7936001B6A29 /* 三里屯 in Resources */ = {isa = PBXBuildFile; fileRef = FCD6E7BD1CDD7936001B6A29 /* 三里屯 */; };
		FCD6E81E1CDD7936001B6A29 /* 南锣鼓巷 in Resources */ = {isa = PBXBuildFile; fileRef = FCD6E7BE1CDD7936001B6A29 /* 南锣鼓巷 */; };
		FCD6E81F1CDD7936001B6A29 /* fourpage-375w-667h@2x.jpg in Resources */ = {isa = PBXBuildFile; fileRef = FCD6E7C01CDD7936001B6A29 /* fourpage-375w-667h@2x.jpg */; };
		FCD6E8201CDD7936001B6A29 /* fourpage-414w-736h@3x.jpg in Resources */ = {isa = PBXBuildFile; fileRef = FCD6E7C11CDD7936001B6A29 /* fourpage-414w-736h@3x.jpg */; };
		FCD6E8211CDD7936001B6A29 /* fourpage-568h@2x.jpg in Resources */ = {isa = PBXBuildFile; fileRef = FCD6E7C21CDD7936001B6A29 /* fourpage-568h@2x.jpg */; };
		FCD6E8221CDD7936001B6A29 /* fourpage@2x.jpg in Resources */ = {isa = PBXBuildFile; fileRef = FCD6E7C31CDD7936001B6A29 /* fourpage@2x.jpg */; };
		FCD6E8421CDD7BC0001B6A29 /* theme.swift in Sources */ = {isa = PBXBuildFile; fileRef = FCD6E8411CDD7BC0001B6A29 /* theme.swift */; };
		FCD6E8441CDD8010001B6A29 /* MainTabBarController.swift in Sources */ = {isa = PBXBuildFile; fileRef = FCD6E8431CDD8010001B6A29 /* MainTabBarController.swift */; };
		FCD6E84D1CDD837E001B6A29 /* UIColor+XMColor.swift in Sources */ = {isa = PBXBuildFile; fileRef = FCD6E84C1CDD837E001B6A29 /* UIColor+XMColor.swift */; };
		FCD6E84F1CDD85D2001B6A29 /* MainNavigationController.swift in Sources */ = {isa = PBXBuildFile; fileRef = FCD6E84E1CDD85D2001B6A29 /* MainNavigationController.swift */; };
		FCD6E8511CDD8A1B001B6A29 /* MainViewController.swift in Sources */ = {isa = PBXBuildFile; fileRef = FCD6E8501CDD8A1B001B6A29 /* MainViewController.swift */; };
		FCD6E8551CDD8A90001B6A29 /* ExperienceViewController.swift in Sources */ = {isa = PBXBuildFile; fileRef = FCD6E8541CDD8A90001B6A29 /* ExperienceViewController.swift */; };
		FCD6E8571CDD8AB4001B6A29 /* ExploreViewController.swift in Sources */ = {isa = PBXBuildFile; fileRef = FCD6E8561CDD8AB4001B6A29 /* ExploreViewController.swift */; };
		FCD6E8591CDD8AC9001B6A29 /* MeViewController.swift in Sources */ = {isa = PBXBuildFile; fileRef = FCD6E8581CDD8AC9001B6A29 /* MeViewController.swift */; };
		FCD6E85B1CDD8B17001B6A29 /* ClassifyViewController.swift in Sources */ = {isa = PBXBuildFile; fileRef = FCD6E85A1CDD8B17001B6A29 /* ClassifyViewController.swift */; };
		FCD6E85D1CDD984D001B6A29 /* UIView+XMView.swift in Sources */ = {isa = PBXBuildFile; fileRef = FCD6E85C1CDD984D001B6A29 /* UIView+XMView.swift */; };
		FCD6E85F1CDD9C55001B6A29 /* CityViewController.swift in Sources */ = {isa = PBXBuildFile; fileRef = FCD6E85E1CDD9C55001B6A29 /* CityViewController.swift */; };
		FCD6E8611CDDB9A4001B6A29 /* CityCollectionViewCell.swift in Sources */ = {isa = PBXBuildFile; fileRef = FCD6E8601CDDB9A4001B6A29 /* CityCollectionViewCell.swift */; };
		FCD6E8631CDDBEB3001B6A29 /* CityHeadCollectionReusabaleView.swift in Sources */ = {isa = PBXBuildFile; fileRef = FCD6E8621CDDBEB3001B6A29 /* CityHeadCollectionReusabaleView.swift */; };
		FCD6E8651CDDCC95001B6A29 /* UIBarButtonItem+XMBarButtonItem.swift in Sources */ = {isa = PBXBuildFile; fileRef = FCD6E8641CDDCC95001B6A29 /* UIBarButtonItem+XMBarButtonItem.swift */; };
		FCD6E87B1CDDE3C9001B6A29 /* DoubleTextView.swift in Sources */ = {isa = PBXBuildFile; fileRef = FCD6E87A1CDDE3C9001B6A29 /* DoubleTextView.swift */; };
		FCDA64D91CE1C24E00334A02 /* SDRefreshHeader.swift in Sources */ = {isa = PBXBuildFile; fileRef = FCDA64D81CE1C24E00334A02 /* SDRefreshHeader.swift */; };
/* End PBXBuildFile section */

/* Begin PBXContainerItemProxy section */
		FCD6E7961CDD777C001B6A29 /* PBXContainerItemProxy */ = {
			isa = PBXContainerItemProxy;
			containerPortal = FCD6E7791CDD777C001B6A29 /* Project object */;
			proxyType = 1;
			remoteGlobalIDString = FCD6E7801CDD777C001B6A29;
			remoteInfo = XMSmallDay;
		};
		FCD6E7A11CDD777C001B6A29 /* PBXContainerItemProxy */ = {
			isa = PBXContainerItemProxy;
			containerPortal = FCD6E7791CDD777C001B6A29 /* Project object */;
			proxyType = 1;
			remoteGlobalIDString = FCD6E7801CDD777C001B6A29;
			remoteInfo = XMSmallDay;
		};
/* End PBXContainerItemProxy section */

/* Begin PBXFileReference section */
		1647161E8DA677C1A40EFC52 /* Pods.debug.xcconfig */ = {isa = PBXFileReference; includeInIndex = 1; lastKnownFileType = text.xcconfig; name = Pods.debug.xcconfig; path = "Pods/Target Support Files/Pods/Pods.debug.xcconfig"; sourceTree = "<group>"; };
		22AA54039BDF164030AF4363 /* Pods.release.xcconfig */ = {isa = PBXFileReference; includeInIndex = 1; lastKnownFileType = text.xcconfig; name = Pods.release.xcconfig; path = "Pods/Target Support Files/Pods/Pods.release.xcconfig"; sourceTree = "<group>"; };
		639396A93157EC052E5CFA2C /* libPods.a */ = {isa = PBXFileReference; explicitFileType = archive.ar; includeInIndex = 0; path = libPods.a; sourceTree = BUILT_PRODUCTS_DIR; };
		FC1F10021CEEDFCE00A5E942 /* ExperienceModel.swift */ = {isa = PBXFileReference; fileEncoding = 4; lastKnownFileType = sourcecode.swift; path = ExperienceModel.swift; sourceTree = "<group>"; };
		FC1F10041CEEE83F00A5E942 /* ExperienceCell.swift */ = {isa = PBXFileReference; fileEncoding = 4; lastKnownFileType = sourcecode.swift; path = ExperienceCell.swift; sourceTree = "<group>"; };
		FC1F10051CEEE83F00A5E942 /* ExperienceCell.xib */ = {isa = PBXFileReference; fileEncoding = 4; lastKnownFileType = file.xib; path = ExperienceCell.xib; sourceTree = "<group>"; };
		FC1F100F1CEEF93D00A5E942 /* ExperHeadView.swift */ = {isa = PBXFileReference; fileEncoding = 4; lastKnownFileType = sourcecode.swift; path = ExperHeadView.swift; sourceTree = "<group>"; };
		FC44321A1CE07AC4006DAB33 /* MainTableView.swift */ = {isa = PBXFileReference; fileEncoding = 4; lastKnownFileType = sourcecode.swift; path = MainTableView.swift; sourceTree = "<group>"; };
		FC44321C1CE07F9C006DAB33 /* EveryDayModel.swift */ = {isa = PBXFileReference; fileEncoding = 4; lastKnownFileType = sourcecode.swift; path = EveryDayModel.swift; sourceTree = "<group>"; };
		FC44321E1CE082F1006DAB33 /* SwiftDictModel.swift */ = {isa = PBXFileReference; fileEncoding = 4; lastKnownFileType = sourcecode.swift; path = SwiftDictModel.swift; sourceTree = "<group>"; };
		FC4EED471CED499700BE55F1 /* ClassDetailViewController.swift */ = {isa = PBXFileReference; fileEncoding = 4; lastKnownFileType = sourcecode.swift; path = ClassDetailViewController.swift; sourceTree = "<group>"; };
		FC4EED491CED4FB000BE55F1 /* UserInfoManager.swift */ = {isa = PBXFileReference; fileEncoding = 4; lastKnownFileType = sourcecode.swift; path = UserInfoManager.swift; sourceTree = "<group>"; };
		FC4EEDA81CED8B1000BE55F1 /* CoreGraphics.framework */ = {isa = PBXFileReference; lastKnownFileType = wrapper.framework; name = CoreGraphics.framework; path = System/Library/Frameworks/CoreGraphics.framework; sourceTree = SDKROOT; };
		FC4EEDAA1CED8B2A00BE55F1 /* SystemConfiguration.framework */ = {isa = PBXFileReference; lastKnownFileType = wrapper.framework; name = SystemConfiguration.framework; path = System/Library/Frameworks/SystemConfiguration.framework; sourceTree = SDKROOT; };
		FC4EEDAC1CED8C0400BE55F1 /* CoreLocation.framework */ = {isa = PBXFileReference; lastKnownFileType = wrapper.framework; name = CoreLocation.framework; path = System/Library/Frameworks/CoreLocation.framework; sourceTree = SDKROOT; };
		FC4EEDAE1CED8C4700BE55F1 /* CoreTelephony.framework */ = {isa = PBXFileReference; lastKnownFileType = wrapper.framework; name = CoreTelephony.framework; path = System/Library/Frameworks/CoreTelephony.framework; sourceTree = SDKROOT; };
		FC4EEDB01CED901D00BE55F1 /* libc++.1.dylib */ = {isa = PBXFileReference; lastKnownFileType = "compiled.mach-o.dylib"; name = "libc++.1.dylib"; path = "../../../../usr/lib/libc++.1.dylib"; sourceTree = "<group>"; };
		FC4EEDB21CED903700BE55F1 /* libz.1.dylib */ = {isa = PBXFileReference; lastKnownFileType = "compiled.mach-o.dylib"; name = libz.1.dylib; path = ../../../../usr/lib/libz.1.dylib; sourceTree = "<group>"; };
		FC4EEDB41CED905300BE55F1 /* libsqlite3.dylib */ = {isa = PBXFileReference; lastKnownFileType = "compiled.mach-o.dylib"; name = libsqlite3.dylib; path = ../../../../usr/lib/libsqlite3.dylib; sourceTree = "<group>"; };
		FC4EEDB61CED907300BE55F1 /* libiconv.2.dylib */ = {isa = PBXFileReference; lastKnownFileType = "compiled.mach-o.dylib"; name = libiconv.2.dylib; path = ../../../../usr/lib/libiconv.2.dylib; sourceTree = "<group>"; };
		FC4EEDB81CED907A00BE55F1 /* Security.framework */ = {isa = PBXFileReference; lastKnownFileType = wrapper.framework; name = Security.framework; path = System/Library/Frameworks/Security.framework; sourceTree = SDKROOT; };
		FC4EEDBF1CED9FF900BE55F1 /* IconView.swift */ = {isa = PBXFileReference; fileEncoding = 4; lastKnownFileType = sourcecode.swift; path = IconView.swift; sourceTree = "<group>"; };
		FC4EEDC11CEDAE6200BE55F1 /* LoginViewController.swift */ = {isa = PBXFileReference; fileEncoding = 4; lastKnownFileType = sourcecode.swift; path = LoginViewController.swift; sourceTree = "<group>"; };
		FC7596801CF28FCC00FBFB5A /* RecommendViewController.swift */ = {isa = PBXFileReference; fileEncoding = 4; lastKnownFileType = sourcecode.swift; path = RecommendViewController.swift; sourceTree = "<group>"; };
		FC7596821CF2907100FBFB5A /* LoadAnimatImageView.swift */ = {isa = PBXFileReference; fileEncoding = 4; lastKnownFileType = sourcecode.swift; path = LoadAnimatImageView.swift; sourceTree = "<group>"; };
		FC75968B1CF2B1DD00FBFB5A /* ExperHeadPushViewController.swift */ = {isa = PBXFileReference; fileEncoding = 4; lastKnownFileType = sourcecode.swift; path = ExperHeadPushViewController.swift; sourceTree = "<group>"; };
		FC7A7C541CF042A40027AFCB /* feedbackViewController.swift */ = {isa = PBXFileReference; fileEncoding = 4; lastKnownFileType = sourcecode.swift; path = feedbackViewController.swift; sourceTree = "<group>"; };
		FC7A7C561CF04FB00027AFCB /* String+XMString.swift */ = {isa = PBXFileReference; fileEncoding = 4; lastKnownFileType = sourcecode.swift; path = "String+XMString.swift"; sourceTree = "<group>"; };
		FC7A7C581CF0590C0027AFCB /* OrderViewController.swift */ = {isa = PBXFileReference; fileEncoding = 4; lastKnownFileType = sourcecode.swift; path = OrderViewController.swift; sourceTree = "<group>"; };
		FC7A7C5A1CF059170027AFCB /* OrderViewController.xib */ = {isa = PBXFileReference; fileEncoding = 4; lastKnownFileType = file.xib; path = OrderViewController.xib; sourceTree = "<group>"; };
		FC7A7C5C1CF05EDA0027AFCB /* MyCenterViewController.swift */ = {isa = PBXFileReference; fileEncoding = 4; lastKnownFileType = sourcecode.swift; path = MyCenterViewController.swift; sourceTree = "<group>"; };
		FC7A7C5D1CF05EDA0027AFCB /* MyCenterViewController.xib */ = {isa = PBXFileReference; fileEncoding = 4; lastKnownFileType = file.xib; path = MyCenterViewController.xib; sourceTree = "<group>"; };
		FC9327C21CE9A59E00CF3905 /* ThemeCell.swift */ = {isa = PBXFileReference; fileEncoding = 4; lastKnownFileType = sourcecode.swift; path = ThemeCell.swift; sourceTree = "<group>"; };
		FC9327C31CE9A59E00CF3905 /* ThemeCell.xib */ = {isa = PBXFileReference; fileEncoding = 4; lastKnownFileType = file.xib; path = ThemeCell.xib; sourceTree = "<group>"; };
		FC9327C61CE9A9B200CF3905 /* UIImageView+XMImage.swift */ = {isa = PBXFileReference; fileEncoding = 4; lastKnownFileType = sourcecode.swift; path = "UIImageView+XMImage.swift"; sourceTree = "<group>"; };
		FC9327FA1CE9B44900CF3905 /* EventCellTableViewCell.swift */ = {isa = PBXFileReference; fileEncoding = 4; lastKnownFileType = sourcecode.swift; path = EventCellTableViewCell.swift; sourceTree = "<group>"; };
		FC9327FC1CE9B45F00CF3905 /* EventCellTableViewCell.xib */ = {isa = PBXFileReference; fileEncoding = 4; lastKnownFileType = file.xib; path = EventCellTableViewCell.xib; sourceTree = "<group>"; };
		FCB56C331CEB164B0020E1CC /* ClassifyModel.swift */ = {isa = PBXFileReference; fileEncoding = 4; lastKnownFileType = sourcecode.swift; path = ClassifyModel.swift; sourceTree = "<group>"; };
		FCB56C371CEB1C700020E1CC /* ClassifyCell.swift */ = {isa = PBXFileReference; fileEncoding = 4; lastKnownFileType = sourcecode.swift; path = ClassifyCell.swift; sourceTree = "<group>"; };
		FCB56C391CEB1C820020E1CC /* ClassifyCell.xib */ = {isa = PBXFileReference; fileEncoding = 4; lastKnownFileType = file.xib; path = ClassifyCell.xib; sourceTree = "<group>"; };
		FCD6E7811CDD777C001B6A29 /* XMSmallDay.app */ = {isa = PBXFileReference; explicitFileType = wrapper.application; includeInIndex = 0; path = XMSmallDay.app; sourceTree = BUILT_PRODUCTS_DIR; };
		FCD6E7841CDD777C001B6A29 /* AppDelegate.swift */ = {isa = PBXFileReference; lastKnownFileType = sourcecode.swift; path = AppDelegate.swift; sourceTree = "<group>"; };
		FCD6E7891CDD777C001B6A29 /* Base */ = {isa = PBXFileReference; lastKnownFileType = file.storyboard; name = Base; path = Base.lproj/Main.storyboard; sourceTree = "<group>"; };
		FCD6E78B1CDD777C001B6A29 /* Assets.xcassets */ = {isa = PBXFileReference; lastKnownFileType = folder.assetcatalog; path = Assets.xcassets; sourceTree = "<group>"; };
		FCD6E78E1CDD777C001B6A29 /* Base */ = {isa = PBXFileReference; lastKnownFileType = file.storyboard; name = Base; path = Base.lproj/LaunchScreen.storyboard; sourceTree = "<group>"; };
		FCD6E7901CDD777C001B6A29 /* Info.plist */ = {isa = PBXFileReference; lastKnownFileType = text.plist.xml; path = Info.plist; sourceTree = "<group>"; };
		FCD6E7951CDD777C001B6A29 /* XMSmallDayTests.xctest */ = {isa = PBXFileReference; explicitFileType = wrapper.cfbundle; includeInIndex = 0; path = XMSmallDayTests.xctest; sourceTree = BUILT_PRODUCTS_DIR; };
		FCD6E7991CDD777C001B6A29 /* XMSmallDayTests.swift */ = {isa = PBXFileReference; lastKnownFileType = sourcecode.swift; path = XMSmallDayTests.swift; sourceTree = "<group>"; };
		FCD6E79B1CDD777C001B6A29 /* Info.plist */ = {isa = PBXFileReference; lastKnownFileType = text.plist.xml; path = Info.plist; sourceTree = "<group>"; };
		FCD6E7A01CDD777C001B6A29 /* XMSmallDayUITests.xctest */ = {isa = PBXFileReference; explicitFileType = wrapper.cfbundle; includeInIndex = 0; path = XMSmallDayUITests.xctest; sourceTree = BUILT_PRODUCTS_DIR; };
		FCD6E7A41CDD777C001B6A29 /* XMSmallDayUITests.swift */ = {isa = PBXFileReference; lastKnownFileType = sourcecode.swift; path = XMSmallDayUITests.swift; sourceTree = "<group>"; };
		FCD6E7A61CDD777C001B6A29 /* Info.plist */ = {isa = PBXFileReference; lastKnownFileType = text.plist.xml; path = Info.plist; sourceTree = "<group>"; };
		FCD6E7B51CDD7936001B6A29 /* 798 */ = {isa = PBXFileReference; fileEncoding = 4; lastKnownFileType = text; path = 798; sourceTree = "<group>"; };
		FCD6E7B61CDD7936001B6A29 /* Classify */ = {isa = PBXFileReference; fileEncoding = 4; lastKnownFileType = text; path = Classify; sourceTree = "<group>"; };
		FCD6E7B71CDD7936001B6A29 /* Details */ = {isa = PBXFileReference; fileEncoding = 4; lastKnownFileType = text; path = Details; sourceTree = "<group>"; };
		FCD6E7B81CDD7936001B6A29 /* events */ = {isa = PBXFileReference; fileEncoding = 4; lastKnownFileType = text; path = events; sourceTree = "<group>"; };
		FCD6E7B91CDD7936001B6A29 /* Experience */ = {isa = PBXFileReference; fileEncoding = 4; lastKnownFileType = text; path = Experience; sourceTree = "<group>"; };
		FCD6E7BA1CDD7936001B6A29 /* More */ = {isa = PBXFileReference; fileEncoding = 4; lastKnownFileType = text; path = More; sourceTree = "<group>"; };
		FCD6E7BB1CDD7936001B6A29 /* Nears */ = {isa = PBXFileReference; fileEncoding = 4; lastKnownFileType = text; path = Nears; sourceTree = "<group>"; };
		FCD6E7BC1CDD7936001B6A29 /* themes */ = {isa = PBXFileReference; fileEncoding = 4; lastKnownFileType = text; path = themes; sourceTree = "<group>"; };
		FCD6E7BD1CDD7936001B6A29 /* 三里屯 */ = {isa = PBXFileReference; fileEncoding = 4; lastKnownFileType = text; path = "三里屯"; sourceTree = "<group>"; };
		FCD6E7BE1CDD7936001B6A29 /* 南锣鼓巷 */ = {isa = PBXFileReference; fileEncoding = 4; lastKnownFileType = text; path = "南锣鼓巷"; sourceTree = "<group>"; };
		FCD6E7C01CDD7936001B6A29 /* fourpage-375w-667h@2x.jpg */ = {isa = PBXFileReference; lastKnownFileType = image.jpeg; path = "fourpage-375w-667h@2x.jpg"; sourceTree = "<group>"; };
		FCD6E7C11CDD7936001B6A29 /* fourpage-414w-736h@3x.jpg */ = {isa = PBXFileReference; lastKnownFileType = image.jpeg; path = "fourpage-414w-736h@3x.jpg"; sourceTree = "<group>"; };
		FCD6E7C21CDD7936001B6A29 /* fourpage-568h@2x.jpg */ = {isa = PBXFileReference; lastKnownFileType = image.jpeg; path = "fourpage-568h@2x.jpg"; sourceTree = "<group>"; };
		FCD6E7C31CDD7936001B6A29 /* fourpage@2x.jpg */ = {isa = PBXFileReference; lastKnownFileType = image.jpeg; path = "fourpage@2x.jpg"; sourceTree = "<group>"; };
		FCD6E8411CDD7BC0001B6A29 /* theme.swift */ = {isa = PBXFileReference; fileEncoding = 4; lastKnownFileType = sourcecode.swift; path = theme.swift; sourceTree = "<group>"; };
		FCD6E8431CDD8010001B6A29 /* MainTabBarController.swift */ = {isa = PBXFileReference; fileEncoding = 4; lastKnownFileType = sourcecode.swift; path = MainTabBarController.swift; sourceTree = "<group>"; };
		FCD6E84C1CDD837E001B6A29 /* UIColor+XMColor.swift */ = {isa = PBXFileReference; fileEncoding = 4; lastKnownFileType = sourcecode.swift; path = "UIColor+XMColor.swift"; sourceTree = "<group>"; };
		FCD6E84E1CDD85D2001B6A29 /* MainNavigationController.swift */ = {isa = PBXFileReference; fileEncoding = 4; lastKnownFileType = sourcecode.swift; path = MainNavigationController.swift; sourceTree = "<group>"; };
		FCD6E8501CDD8A1B001B6A29 /* MainViewController.swift */ = {isa = PBXFileReference; fileEncoding = 4; lastKnownFileType = sourcecode.swift; path = MainViewController.swift; sourceTree = "<group>"; };
		FCD6E8541CDD8A90001B6A29 /* ExperienceViewController.swift */ = {isa = PBXFileReference; fileEncoding = 4; lastKnownFileType = sourcecode.swift; path = ExperienceViewController.swift; sourceTree = "<group>"; };
		FCD6E8561CDD8AB4001B6A29 /* ExploreViewController.swift */ = {isa = PBXFileReference; fileEncoding = 4; lastKnownFileType = sourcecode.swift; path = ExploreViewController.swift; sourceTree = "<group>"; };
		FCD6E8581CDD8AC9001B6A29 /* MeViewController.swift */ = {isa = PBXFileReference; fileEncoding = 4; lastKnownFileType = sourcecode.swift; path = MeViewController.swift; sourceTree = "<group>"; };
		FCD6E85A1CDD8B17001B6A29 /* ClassifyViewController.swift */ = {isa = PBXFileReference; fileEncoding = 4; lastKnownFileType = sourcecode.swift; path = ClassifyViewController.swift; sourceTree = "<group>"; };
		FCD6E85C1CDD984D001B6A29 /* UIView+XMView.swift */ = {isa = PBXFileReference; fileEncoding = 4; lastKnownFileType = sourcecode.swift; path = "UIView+XMView.swift"; sourceTree = "<group>"; };
		FCD6E85E1CDD9C55001B6A29 /* CityViewController.swift */ = {isa = PBXFileReference; fileEncoding = 4; lastKnownFileType = sourcecode.swift; path = CityViewController.swift; sourceTree = "<group>"; };
		FCD6E8601CDDB9A4001B6A29 /* CityCollectionViewCell.swift */ = {isa = PBXFileReference; fileEncoding = 4; lastKnownFileType = sourcecode.swift; path = CityCollectionViewCell.swift; sourceTree = "<group>"; };
		FCD6E8621CDDBEB3001B6A29 /* CityHeadCollectionReusabaleView.swift */ = {isa = PBXFileReference; fileEncoding = 4; lastKnownFileType = sourcecode.swift; path = CityHeadCollectionReusabaleView.swift; sourceTree = "<group>"; };
		FCD6E8641CDDCC95001B6A29 /* UIBarButtonItem+XMBarButtonItem.swift */ = {isa = PBXFileReference; fileEncoding = 4; lastKnownFileType = sourcecode.swift; path = "UIBarButtonItem+XMBarButtonItem.swift"; sourceTree = "<group>"; };
		FCD6E87A1CDDE3C9001B6A29 /* DoubleTextView.swift */ = {isa = PBXFileReference; fileEncoding = 4; lastKnownFileType = sourcecode.swift; path = DoubleTextView.swift; sourceTree = "<group>"; };
		FCDA64D71CE1BF3400334A02 /* XMSmallDay-Bridging-Header.h */ = {isa = PBXFileReference; lastKnownFileType = sourcecode.c.h; path = "XMSmallDay-Bridging-Header.h"; sourceTree = "<group>"; };
		FCDA64D81CE1C24E00334A02 /* SDRefreshHeader.swift */ = {isa = PBXFileReference; fileEncoding = 4; lastKnownFileType = sourcecode.swift; path = SDRefreshHeader.swift; sourceTree = "<group>"; };
/* End PBXFileReference section */

/* Begin PBXFrameworksBuildPhase section */
		FCD6E77E1CDD777C001B6A29 /* Frameworks */ = {
			isa = PBXFrameworksBuildPhase;
			buildActionMask = 2147483647;
			files = (
				FC4EEDB91CED907B00BE55F1 /* Security.framework in Frameworks */,
				FC4EEDB71CED907300BE55F1 /* libiconv.2.dylib in Frameworks */,
				FC4EEDB51CED905300BE55F1 /* libsqlite3.dylib in Frameworks */,
				FC4EEDB31CED903700BE55F1 /* libz.1.dylib in Frameworks */,
				FC4EEDB11CED901D00BE55F1 /* libc++.1.dylib in Frameworks */,
				FC4EEDAF1CED8C4700BE55F1 /* CoreTelephony.framework in Frameworks */,
				FC4EEDAD1CED8C0400BE55F1 /* CoreLocation.framework in Frameworks */,
				FC4EEDAB1CED8B2A00BE55F1 /* SystemConfiguration.framework in Frameworks */,
				FC4EEDA91CED8B1000BE55F1 /* CoreGraphics.framework in Frameworks */,
				F04351F9A80917BE864CC0B0 /* libPods.a in Frameworks */,
			);
			runOnlyForDeploymentPostprocessing = 0;
		};
		FCD6E7921CDD777C001B6A29 /* Frameworks */ = {
			isa = PBXFrameworksBuildPhase;
			buildActionMask = 2147483647;
			files = (
			);
			runOnlyForDeploymentPostprocessing = 0;
		};
		FCD6E79D1CDD777C001B6A29 /* Frameworks */ = {
			isa = PBXFrameworksBuildPhase;
			buildActionMask = 2147483647;
			files = (
			);
			runOnlyForDeploymentPostprocessing = 0;
		};
/* End PBXFrameworksBuildPhase section */

/* Begin PBXGroup section */
		A531AFA1D6C7B6CAA859A9C6 /* Pods */ = {
			isa = PBXGroup;
			children = (
				1647161E8DA677C1A40EFC52 /* Pods.debug.xcconfig */,
				22AA54039BDF164030AF4363 /* Pods.release.xcconfig */,
			);
			name = Pods;
			sourceTree = "<group>";
		};
		F34168C3D25306249583CFA9 /* Frameworks */ = {
			isa = PBXGroup;
			children = (
				FC4EEDB81CED907A00BE55F1 /* Security.framework */,
				FC4EEDB61CED907300BE55F1 /* libiconv.2.dylib */,
				FC4EEDB41CED905300BE55F1 /* libsqlite3.dylib */,
				FC4EEDB21CED903700BE55F1 /* libz.1.dylib */,
				FC4EEDB01CED901D00BE55F1 /* libc++.1.dylib */,
				FC4EEDAE1CED8C4700BE55F1 /* CoreTelephony.framework */,
				FC4EEDAC1CED8C0400BE55F1 /* CoreLocation.framework */,
				FC4EEDAA1CED8B2A00BE55F1 /* SystemConfiguration.framework */,
				FC4EEDA81CED8B1000BE55F1 /* CoreGraphics.framework */,
				639396A93157EC052E5CFA2C /* libPods.a */,
			);
			name = Frameworks;
			sourceTree = "<group>";
		};
		FCD6E7781CDD777C001B6A29 = {
			isa = PBXGroup;
			children = (
				FCD6E7831CDD777C001B6A29 /* XMSmallDay */,
				FCD6E7981CDD777C001B6A29 /* XMSmallDayTests */,
				FCD6E7A31CDD777C001B6A29 /* XMSmallDayUITests */,
				FCD6E7821CDD777C001B6A29 /* Products */,
				A531AFA1D6C7B6CAA859A9C6 /* Pods */,
				F34168C3D25306249583CFA9 /* Frameworks */,
			);
			sourceTree = "<group>";
		};
		FCD6E7821CDD777C001B6A29 /* Products */ = {
			isa = PBXGroup;
			children = (
				FCD6E7811CDD777C001B6A29 /* XMSmallDay.app */,
				FCD6E7951CDD777C001B6A29 /* XMSmallDayTests.xctest */,
				FCD6E7A01CDD777C001B6A29 /* XMSmallDayUITests.xctest */,
			);
			name = Products;
			sourceTree = "<group>";
		};
		FCD6E7831CDD777C001B6A29 /* XMSmallDay */ = {
			isa = PBXGroup;
			children = (
				FCD6E7B21CDD7936001B6A29 /* Classes */,
				FCD6E7841CDD777C001B6A29 /* AppDelegate.swift */,
				FCD6E7881CDD777C001B6A29 /* Main.storyboard */,
				FCD6E78B1CDD777C001B6A29 /* Assets.xcassets */,
				FCD6E78D1CDD777C001B6A29 /* LaunchScreen.storyboard */,
				FCD6E7901CDD777C001B6A29 /* Info.plist */,
			);
			path = XMSmallDay;
			sourceTree = "<group>";
		};
		FCD6E7981CDD777C001B6A29 /* XMSmallDayTests */ = {
			isa = PBXGroup;
			children = (
				FCD6E7991CDD777C001B6A29 /* XMSmallDayTests.swift */,
				FCD6E79B1CDD777C001B6A29 /* Info.plist */,
			);
			path = XMSmallDayTests;
			sourceTree = "<group>";
		};
		FCD6E7A31CDD777C001B6A29 /* XMSmallDayUITests */ = {
			isa = PBXGroup;
			children = (
				FCD6E7A41CDD777C001B6A29 /* XMSmallDayUITests.swift */,
				FCD6E7A61CDD777C001B6A29 /* Info.plist */,
			);
			path = XMSmallDayUITests;
			sourceTree = "<group>";
		};
		FCD6E7B21CDD7936001B6A29 /* Classes */ = {
			isa = PBXGroup;
			children = (
				FCD6E7B31CDD7936001B6A29 /* BusinessModel(业务模型) */,
				FCD6E7B41CDD7936001B6A29 /* CustomData */,
				FCD6E7BF1CDD7936001B6A29 /* imageFile(大图) */,
				FCD6E7C41CDD7936001B6A29 /* Tools(工具) */,
				FCD6E7C51CDD7936001B6A29 /* UI(界面) */,
				FCD6E7CD1CDD7936001B6A29 /* Venders(第三方库) */,
				FCDA64D71CE1BF3400334A02 /* XMSmallDay-Bridging-Header.h */,
			);
			path = Classes;
			sourceTree = "<group>";
		};
		FCD6E7B31CDD7936001B6A29 /* BusinessModel(业务模型) */ = {
			isa = PBXGroup;
			children = (
				FC44321C1CE07F9C006DAB33 /* EveryDayModel.swift */,
				FCB56C331CEB164B0020E1CC /* ClassifyModel.swift */,
				FC1F10021CEEDFCE00A5E942 /* ExperienceModel.swift */,
			);
			name = "BusinessModel(业务模型)";
			path = BusinessModel;
			sourceTree = "<group>";
		};
		FCD6E7B41CDD7936001B6A29 /* CustomData */ = {
			isa = PBXGroup;
			children = (
				FCD6E7B51CDD7936001B6A29 /* 798 */,
				FCD6E7B61CDD7936001B6A29 /* Classify */,
				FCD6E7B71CDD7936001B6A29 /* Details */,
				FCD6E7B81CDD7936001B6A29 /* events */,
				FCD6E7B91CDD7936001B6A29 /* Experience */,
				FCD6E7BA1CDD7936001B6A29 /* More */,
				FCD6E7BB1CDD7936001B6A29 /* Nears */,
				FCD6E7BC1CDD7936001B6A29 /* themes */,
				FCD6E7BD1CDD7936001B6A29 /* 三里屯 */,
				FCD6E7BE1CDD7936001B6A29 /* 南锣鼓巷 */,
			);
			path = CustomData;
			sourceTree = "<group>";
		};
		FCD6E7BF1CDD7936001B6A29 /* imageFile(大图) */ = {
			isa = PBXGroup;
			children = (
				FCD6E7C01CDD7936001B6A29 /* fourpage-375w-667h@2x.jpg */,
				FCD6E7C11CDD7936001B6A29 /* fourpage-414w-736h@3x.jpg */,
				FCD6E7C21CDD7936001B6A29 /* fourpage-568h@2x.jpg */,
				FCD6E7C31CDD7936001B6A29 /* fourpage@2x.jpg */,
			);
			name = "imageFile(大图)";
			path = imageFile;
			sourceTree = "<group>";
		};
		FCD6E7C41CDD7936001B6A29 /* Tools(工具) */ = {
			isa = PBXGroup;
			children = (
				FC44321E1CE082F1006DAB33 /* SwiftDictModel.swift */,
				FC4EED491CED4FB000BE55F1 /* UserInfoManager.swift */,
			);
			name = "Tools(工具)";
			path = Tools;
			sourceTree = "<group>";
		};
		FCD6E7C51CDD7936001B6A29 /* UI(界面) */ = {
			isa = PBXGroup;
			children = (
				FCD6E7C61CDD7936001B6A29 /* Classify(分类) */,
				FCD6E7C71CDD7936001B6A29 /* Experience(体验) */,
				FCD6E7C81CDD7936001B6A29 /* Explore(探店) */,
				FCD6E7C91CDD7936001B6A29 /* extension(扩展) */,
				FCD6E7CA1CDD7936001B6A29 /* Main(公共) */,
				FCD6E7CB1CDD7936001B6A29 /* Me(我的) */,
				FCD6E7CC1CDD7936001B6A29 /* Other(其它) */,
			);
			name = "UI(界面)";
			path = UI;
			sourceTree = "<group>";
		};
		FCD6E7C61CDD7936001B6A29 /* Classify(分类) */ = {
			isa = PBXGroup;
			children = (
				FCD6E85A1CDD8B17001B6A29 /* ClassifyViewController.swift */,
				FCB56C371CEB1C700020E1CC /* ClassifyCell.swift */,
				FCB56C391CEB1C820020E1CC /* ClassifyCell.xib */,
				FC4EED471CED499700BE55F1 /* ClassDetailViewController.swift */,
			);
			name = "Classify(分类)";
			path = Classify;
			sourceTree = "<group>";
		};
		FCD6E7C71CDD7936001B6A29 /* Experience(体验) */ = {
			isa = PBXGroup;
			children = (
				FCD6E8541CDD8A90001B6A29 /* ExperienceViewController.swift */,
				FC1F10041CEEE83F00A5E942 /* ExperienceCell.swift */,
				FC1F10051CEEE83F00A5E942 /* ExperienceCell.xib */,
				FC1F100F1CEEF93D00A5E942 /* ExperHeadView.swift */,
				FC75968B1CF2B1DD00FBFB5A /* ExperHeadPushViewController.swift */,
			);
			name = "Experience(体验)";
			path = Experience;
			sourceTree = "<group>";
		};
		FCD6E7C81CDD7936001B6A29 /* Explore(探店) */ = {
			isa = PBXGroup;
			children = (
				FCD6E8561CDD8AB4001B6A29 /* ExploreViewController.swift */,
				FCD6E87A1CDDE3C9001B6A29 /* DoubleTextView.swift */,
				FC9327C21CE9A59E00CF3905 /* ThemeCell.swift */,
				FC9327C31CE9A59E00CF3905 /* ThemeCell.xib */,
				FC9327FA1CE9B44900CF3905 /* EventCellTableViewCell.swift */,
				FC9327FC1CE9B45F00CF3905 /* EventCellTableViewCell.xib */,
			);
			name = "Explore(探店)";
			path = Explore;
			sourceTree = "<group>";
		};
		FCD6E7C91CDD7936001B6A29 /* extension(扩展) */ = {
			isa = PBXGroup;
			children = (
				FCD6E84C1CDD837E001B6A29 /* UIColor+XMColor.swift */,
				FCD6E85C1CDD984D001B6A29 /* UIView+XMView.swift */,
				FCD6E8641CDDCC95001B6A29 /* UIBarButtonItem+XMBarButtonItem.swift */,
				FC9327C61CE9A9B200CF3905 /* UIImageView+XMImage.swift */,
				FC7A7C561CF04FB00027AFCB /* String+XMString.swift */,
			);
			name = "extension(扩展)";
			path = extension;
			sourceTree = "<group>";
		};
		FCD6E7CA1CDD7936001B6A29 /* Main(公共) */ = {
			isa = PBXGroup;
			children = (
				FCD6E8431CDD8010001B6A29 /* MainTabBarController.swift */,
				FCD6E84E1CDD85D2001B6A29 /* MainNavigationController.swift */,
				FCD6E8501CDD8A1B001B6A29 /* MainViewController.swift */,
				FCD6E85E1CDD9C55001B6A29 /* CityViewController.swift */,
				FCD6E8601CDDB9A4001B6A29 /* CityCollectionViewCell.swift */,
				FCD6E8621CDDBEB3001B6A29 /* CityHeadCollectionReusabaleView.swift */,
				FC44321A1CE07AC4006DAB33 /* MainTableView.swift */,
				FCDA64D81CE1C24E00334A02 /* SDRefreshHeader.swift */,
				FC4EEDC11CEDAE6200BE55F1 /* LoginViewController.swift */,
				FC7596821CF2907100FBFB5A /* LoadAnimatImageView.swift */,
			);
			name = "Main(公共)";
			path = Main;
			sourceTree = "<group>";
		};
		FCD6E7CB1CDD7936001B6A29 /* Me(我的) */ = {
			isa = PBXGroup;
			children = (
				FCD6E8581CDD8AC9001B6A29 /* MeViewController.swift */,
				FC4EEDBF1CED9FF900BE55F1 /* IconView.swift */,
				FC7A7C541CF042A40027AFCB /* feedbackViewController.swift */,
				FC7A7C581CF0590C0027AFCB /* OrderViewController.swift */,
				FC7A7C5A1CF059170027AFCB /* OrderViewController.xib */,
				FC7A7C5C1CF05EDA0027AFCB /* MyCenterViewController.swift */,
				FC7A7C5D1CF05EDA0027AFCB /* MyCenterViewController.xib */,
				FC7596801CF28FCC00FBFB5A /* RecommendViewController.swift */,
			);
			name = "Me(我的)";
			path = Me;
			sourceTree = "<group>";
		};
		FCD6E7CC1CDD7936001B6A29 /* Other(其它) */ = {
			isa = PBXGroup;
			children = (
				FCD6E8411CDD7BC0001B6A29 /* theme.swift */,
			);
			name = "Other(其它)";
			path = Other;
			sourceTree = "<group>";
		};
		FCD6E7CD1CDD7936001B6A29 /* Venders(第三方库) */ = {
			isa = PBXGroup;
			children = (
			);
			name = "Venders(第三方库)";
			path = Venders;
			sourceTree = "<group>";
		};
/* End PBXGroup section */

/* Begin PBXNativeTarget section */
		FCD6E7801CDD777C001B6A29 /* XMSmallDay */ = {
			isa = PBXNativeTarget;
			buildConfigurationList = FCD6E7A91CDD777C001B6A29 /* Build configuration list for PBXNativeTarget "XMSmallDay" */;
			buildPhases = (
				402983066E79E371BBD89BA4 /* Check Pods Manifest.lock */,
				FCD6E77D1CDD777C001B6A29 /* Sources */,
				FCD6E77E1CDD777C001B6A29 /* Frameworks */,
				FCD6E77F1CDD777C001B6A29 /* Resources */,
				880E2DD51E4C0C026DAAEA76 /* Embed Pods Frameworks */,
				C7674CE25A42B3E365F30D85 /* Copy Pods Resources */,
			);
			buildRules = (
			);
			dependencies = (
			);
			name = XMSmallDay;
			productName = XMSmallDay;
			productReference = FCD6E7811CDD777C001B6A29 /* XMSmallDay.app */;
			productType = "com.apple.product-type.application";
		};
		FCD6E7941CDD777C001B6A29 /* XMSmallDayTests */ = {
			isa = PBXNativeTarget;
			buildConfigurationList = FCD6E7AC1CDD777C001B6A29 /* Build configuration list for PBXNativeTarget "XMSmallDayTests" */;
			buildPhases = (
				FCD6E7911CDD777C001B6A29 /* Sources */,
				FCD6E7921CDD777C001B6A29 /* Frameworks */,
				FCD6E7931CDD777C001B6A29 /* Resources */,
			);
			buildRules = (
			);
			dependencies = (
				FCD6E7971CDD777C001B6A29 /* PBXTargetDependency */,
			);
			name = XMSmallDayTests;
			productName = XMSmallDayTests;
			productReference = FCD6E7951CDD777C001B6A29 /* XMSmallDayTests.xctest */;
			productType = "com.apple.product-type.bundle.unit-test";
		};
		FCD6E79F1CDD777C001B6A29 /* XMSmallDayUITests */ = {
			isa = PBXNativeTarget;
			buildConfigurationList = FCD6E7AF1CDD777C001B6A29 /* Build configuration list for PBXNativeTarget "XMSmallDayUITests" */;
			buildPhases = (
				FCD6E79C1CDD777C001B6A29 /* Sources */,
				FCD6E79D1CDD777C001B6A29 /* Frameworks */,
				FCD6E79E1CDD777C001B6A29 /* Resources */,
			);
			buildRules = (
			);
			dependencies = (
				FCD6E7A21CDD777C001B6A29 /* PBXTargetDependency */,
			);
			name = XMSmallDayUITests;
			productName = XMSmallDayUITests;
			productReference = FCD6E7A01CDD777C001B6A29 /* XMSmallDayUITests.xctest */;
			productType = "com.apple.product-type.bundle.ui-testing";
		};
/* End PBXNativeTarget section */

/* Begin PBXProject section */
		FCD6E7791CDD777C001B6A29 /* Project object */ = {
			isa = PBXProject;
			attributes = {
				LastSwiftUpdateCheck = 0720;
				LastUpgradeCheck = 0720;
				ORGANIZATIONNAME = "Kenfor-YF";
				TargetAttributes = {
					FCD6E7801CDD777C001B6A29 = {
						CreatedOnToolsVersion = 7.2;
						DevelopmentTeam = 3639QL8CD6;
					};
					FCD6E7941CDD777C001B6A29 = {
						CreatedOnToolsVersion = 7.2;
						DevelopmentTeam = 3639QL8CD6;
						TestTargetID = FCD6E7801CDD777C001B6A29;
					};
					FCD6E79F1CDD777C001B6A29 = {
						CreatedOnToolsVersion = 7.2;
						DevelopmentTeam = 3639QL8CD6;
						TestTargetID = FCD6E7801CDD777C001B6A29;
					};
				};
			};
			buildConfigurationList = FCD6E77C1CDD777C001B6A29 /* Build configuration list for PBXProject "XMSmallDay" */;
			compatibilityVersion = "Xcode 3.2";
			developmentRegion = English;
			hasScannedForEncodings = 0;
			knownRegions = (
				en,
				Base,
				"zh-Hans",
			);
			mainGroup = FCD6E7781CDD777C001B6A29;
			productRefGroup = FCD6E7821CDD777C001B6A29 /* Products */;
			projectDirPath = "";
			projectRoot = "";
			targets = (
				FCD6E7801CDD777C001B6A29 /* XMSmallDay */,
				FCD6E7941CDD777C001B6A29 /* XMSmallDayTests */,
				FCD6E79F1CDD777C001B6A29 /* XMSmallDayUITests */,
			);
		};
/* End PBXProject section */

/* Begin PBXResourcesBuildPhase section */
		FCD6E77F1CDD777C001B6A29 /* Resources */ = {
			isa = PBXResourcesBuildPhase;
			buildActionMask = 2147483647;
			files = (
				FCD6E78F1CDD777C001B6A29 /* LaunchScreen.storyboard in Resources */,
				FCD6E78C1CDD777C001B6A29 /* Assets.xcassets in Resources */,
				FCD6E8191CDD7936001B6A29 /* Experience in Resources */,
				FCB56C3A1CEB1C820020E1CC /* ClassifyCell.xib in Resources */,
				FCD6E81D1CDD7936001B6A29 /* 三里屯 in Resources */,
				FC7A7C5B1CF059170027AFCB /* OrderViewController.xib in Resources */,
				FCD6E78A1CDD777C001B6A29 /* Main.storyboard in Resources */,
				FC1F10071CEEE83F00A5E942 /* ExperienceCell.xib in Resources */,
				FCD6E8221CDD7936001B6A29 /* fourpage@2x.jpg in Resources */,
				FCD6E8171CDD7936001B6A29 /* Details in Resources */,
				FCD6E81F1CDD7936001B6A29 /* fourpage-375w-667h@2x.jpg in Resources */,
				FCD6E81C1CDD7936001B6A29 /* themes in Resources */,
				FC9327FD1CE9B45F00CF3905 /* EventCellTableViewCell.xib in Resources */,
				FCD6E8151CDD7936001B6A29 /* 798 in Resources */,
				FCD6E81B1CDD7936001B6A29 /* Nears in Resources */,
				FCD6E81A1CDD7936001B6A29 /* More in Resources */,
				FCD6E8181CDD7936001B6A29 /* events in Resources */,
				FC9327C51CE9A59E00CF3905 /* ThemeCell.xib in Resources */,
				FCD6E8161CDD7936001B6A29 /* Classify in Resources */,
				FCD6E8201CDD7936001B6A29 /* fourpage-414w-736h@3x.jpg in Resources */,
				FCD6E8211CDD7936001B6A29 /* fourpage-568h@2x.jpg in Resources */,
				FC7A7C5F1CF05EDA0027AFCB /* MyCenterViewController.xib in Resources */,
				FCD6E81E1CDD7936001B6A29 /* 南锣鼓巷 in Resources */,
			);
			runOnlyForDeploymentPostprocessing = 0;
		};
		FCD6E7931CDD777C001B6A29 /* Resources */ = {
			isa = PBXResourcesBuildPhase;
			buildActionMask = 2147483647;
			files = (
			);
			runOnlyForDeploymentPostprocessing = 0;
		};
		FCD6E79E1CDD777C001B6A29 /* Resources */ = {
			isa = PBXResourcesBuildPhase;
			buildActionMask = 2147483647;
			files = (
			);
			runOnlyForDeploymentPostprocessing = 0;
		};
/* End PBXResourcesBuildPhase section */

/* Begin PBXShellScriptBuildPhase section */
		402983066E79E371BBD89BA4 /* Check Pods Manifest.lock */ = {
			isa = PBXShellScriptBuildPhase;
			buildActionMask = 2147483647;
			files = (
			);
			inputPaths = (
			);
			name = "Check Pods Manifest.lock";
			outputPaths = (
			);
			runOnlyForDeploymentPostprocessing = 0;
			shellPath = /bin/sh;
			shellScript = "diff \"${PODS_ROOT}/../Podfile.lock\" \"${PODS_ROOT}/Manifest.lock\" > /dev/null\nif [[ $? != 0 ]] ; then\n    cat << EOM\nerror: The sandbox is not in sync with the Podfile.lock. Run 'pod install' or update your CocoaPods installation.\nEOM\n    exit 1\nfi\n";
			showEnvVarsInLog = 0;
		};
		880E2DD51E4C0C026DAAEA76 /* Embed Pods Frameworks */ = {
			isa = PBXShellScriptBuildPhase;
			buildActionMask = 2147483647;
			files = (
			);
			inputPaths = (
			);
			name = "Embed Pods Frameworks";
			outputPaths = (
			);
			runOnlyForDeploymentPostprocessing = 0;
			shellPath = /bin/sh;
			shellScript = "\"${SRCROOT}/Pods/Target Support Files/Pods/Pods-frameworks.sh\"\n";
			showEnvVarsInLog = 0;
		};
		C7674CE25A42B3E365F30D85 /* Copy Pods Resources */ = {
			isa = PBXShellScriptBuildPhase;
			buildActionMask = 2147483647;
			files = (
			);
			inputPaths = (
			);
			name = "Copy Pods Resources";
			outputPaths = (
			);
			runOnlyForDeploymentPostprocessing = 0;
			shellPath = /bin/sh;
			shellScript = "\"${SRCROOT}/Pods/Target Support Files/Pods/Pods-resources.sh\"\n";
			showEnvVarsInLog = 0;
		};
/* End PBXShellScriptBuildPhase section */

/* Begin PBXSourcesBuildPhase section */
		FCD6E77D1CDD777C001B6A29 /* Sources */ = {
			isa = PBXSourcesBuildPhase;
			buildActionMask = 2147483647;
			files = (
				FCD6E8591CDD8AC9001B6A29 /* MeViewController.swift in Sources */,
				FC7A7C5E1CF05EDA0027AFCB /* MyCenterViewController.swift in Sources */,
				FC1F10031CEEDFCE00A5E942 /* ExperienceModel.swift in Sources */,
				FC4EEDC01CED9FF900BE55F1 /* IconView.swift in Sources */,
				FC7596831CF2907100FBFB5A /* LoadAnimatImageView.swift in Sources */,
				FCD6E8611CDDB9A4001B6A29 /* CityCollectionViewCell.swift in Sources */,
				FC7A7C571CF04FB00027AFCB /* String+XMString.swift in Sources */,
				FCD6E8551CDD8A90001B6A29 /* ExperienceViewController.swift in Sources */,
				FCD6E8511CDD8A1B001B6A29 /* MainViewController.swift in Sources */,
				FC75968C1CF2B1DD00FBFB5A /* ExperHeadPushViewController.swift in Sources */,
				FC4EEDC21CEDAE6200BE55F1 /* LoginViewController.swift in Sources */,
				FC9327FB1CE9B44900CF3905 /* EventCellTableViewCell.swift in Sources */,
				FCB56C341CEB164B0020E1CC /* ClassifyModel.swift in Sources */,
				FC44321D1CE07F9C006DAB33 /* EveryDayModel.swift in Sources */,
				FC9327C71CE9A9B200CF3905 /* UIImageView+XMImage.swift in Sources */,
				FCD6E87B1CDDE3C9001B6A29 /* DoubleTextView.swift in Sources */,
				FCD6E8421CDD7BC0001B6A29 /* theme.swift in Sources */,
				FCD6E7851CDD777C001B6A29 /* AppDelegate.swift in Sources */,
				FCD6E8571CDD8AB4001B6A29 /* ExploreViewController.swift in Sources */,
				FCD6E8631CDDBEB3001B6A29 /* CityHeadCollectionReusabaleView.swift in Sources */,
				FCD6E85B1CDD8B17001B6A29 /* ClassifyViewController.swift in Sources */,
				FCD6E84D1CDD837E001B6A29 /* UIColor+XMColor.swift in Sources */,
				FC44321F1CE082F1006DAB33 /* SwiftDictModel.swift in Sources */,
				FC4EED481CED499700BE55F1 /* ClassDetailViewController.swift in Sources */,
				FC7596811CF28FCC00FBFB5A /* RecommendViewController.swift in Sources */,
				FC44321B1CE07AC4006DAB33 /* MainTableView.swift in Sources */,
				FCD6E8651CDDCC95001B6A29 /* UIBarButtonItem+XMBarButtonItem.swift in Sources */,
				FCD6E8441CDD8010001B6A29 /* MainTabBarController.swift in Sources */,
				FC7A7C551CF042A40027AFCB /* feedbackViewController.swift in Sources */,
				FCDA64D91CE1C24E00334A02 /* SDRefreshHeader.swift in Sources */,
				FCD6E85D1CDD984D001B6A29 /* UIView+XMView.swift in Sources */,
				FCD6E84F1CDD85D2001B6A29 /* MainNavigationController.swift in Sources */,
				FCD6E85F1CDD9C55001B6A29 /* CityViewController.swift in Sources */,
				FC1F10061CEEE83F00A5E942 /* ExperienceCell.swift in Sources */,
				FCB56C381CEB1C700020E1CC /* ClassifyCell.swift in Sources */,
				FC7A7C591CF0590C0027AFCB /* OrderViewController.swift in Sources */,
				FC9327C41CE9A59E00CF3905 /* ThemeCell.swift in Sources */,
				FC4EED4A1CED4FB000BE55F1 /* UserInfoManager.swift in Sources */,
				FC1F10101CEEF93D00A5E942 /* ExperHeadView.swift in Sources */,
			);
			runOnlyForDeploymentPostprocessing = 0;
		};
		FCD6E7911CDD777C001B6A29 /* Sources */ = {
			isa = PBXSourcesBuildPhase;
			buildActionMask = 2147483647;
			files = (
				FCD6E79A1CDD777C001B6A29 /* XMSmallDayTests.swift in Sources */,
			);
			runOnlyForDeploymentPostprocessing = 0;
		};
		FCD6E79C1CDD777C001B6A29 /* Sources */ = {
			isa = PBXSourcesBuildPhase;
			buildActionMask = 2147483647;
			files = (
				FCD6E7A51CDD777C001B6A29 /* XMSmallDayUITests.swift in Sources */,
			);
			runOnlyForDeploymentPostprocessing = 0;
		};
/* End PBXSourcesBuildPhase section */

/* Begin PBXTargetDependency section */
		FCD6E7971CDD777C001B6A29 /* PBXTargetDependency */ = {
			isa = PBXTargetDependency;
			target = FCD6E7801CDD777C001B6A29 /* XMSmallDay */;
			targetProxy = FCD6E7961CDD777C001B6A29 /* PBXContainerItemProxy */;
		};
		FCD6E7A21CDD777C001B6A29 /* PBXTargetDependency */ = {
			isa = PBXTargetDependency;
			target = FCD6E7801CDD777C001B6A29 /* XMSmallDay */;
			targetProxy = FCD6E7A11CDD777C001B6A29 /* PBXContainerItemProxy */;
		};
/* End PBXTargetDependency section */

/* Begin PBXVariantGroup section */
		FCD6E7881CDD777C001B6A29 /* Main.storyboard */ = {
			isa = PBXVariantGroup;
			children = (
				FCD6E7891CDD777C001B6A29 /* Base */,
			);
			name = Main.storyboard;
			sourceTree = "<group>";
		};
		FCD6E78D1CDD777C001B6A29 /* LaunchScreen.storyboard */ = {
			isa = PBXVariantGroup;
			children = (
				FCD6E78E1CDD777C001B6A29 /* Base */,
			);
			name = LaunchScreen.storyboard;
			sourceTree = "<group>";
		};
/* End PBXVariantGroup section */

/* Begin XCBuildConfiguration section */
		FCD6E7A71CDD777C001B6A29 /* Debug */ = {
			isa = XCBuildConfiguration;
			buildSettings = {
				ALWAYS_SEARCH_USER_PATHS = NO;
				CLANG_CXX_LANGUAGE_STANDARD = "gnu++0x";
				CLANG_CXX_LIBRARY = "libc++";
				CLANG_ENABLE_MODULES = YES;
				CLANG_ENABLE_OBJC_ARC = YES;
				CLANG_WARN_BOOL_CONVERSION = YES;
				CLANG_WARN_CONSTANT_CONVERSION = YES;
				CLANG_WARN_DIRECT_OBJC_ISA_USAGE = YES_ERROR;
				CLANG_WARN_EMPTY_BODY = YES;
				CLANG_WARN_ENUM_CONVERSION = YES;
				CLANG_WARN_INT_CONVERSION = YES;
				CLANG_WARN_OBJC_ROOT_CLASS = YES_ERROR;
				CLANG_WARN_UNREACHABLE_CODE = YES;
				CLANG_WARN__DUPLICATE_METHOD_MATCH = YES;
				"CODE_SIGN_IDENTITY[sdk=iphoneos*]" = "iPhone Developer";
				COPY_PHASE_STRIP = NO;
				DEBUG_INFORMATION_FORMAT = dwarf;
				ENABLE_STRICT_OBJC_MSGSEND = YES;
				ENABLE_TESTABILITY = YES;
				GCC_C_LANGUAGE_STANDARD = gnu99;
				GCC_DYNAMIC_NO_PIC = NO;
				GCC_NO_COMMON_BLOCKS = YES;
				GCC_OPTIMIZATION_LEVEL = 0;
				GCC_PREPROCESSOR_DEFINITIONS = (
					"DEBUG=1",
					"$(inherited)",
				);
				GCC_WARN_64_TO_32_BIT_CONVERSION = YES;
				GCC_WARN_ABOUT_RETURN_TYPE = YES_ERROR;
				GCC_WARN_UNDECLARED_SELECTOR = YES;
				GCC_WARN_UNINITIALIZED_AUTOS = YES_AGGRESSIVE;
				GCC_WARN_UNUSED_FUNCTION = YES;
				GCC_WARN_UNUSED_VARIABLE = YES;
				IPHONEOS_DEPLOYMENT_TARGET = 9.2;
				MTL_ENABLE_DEBUG_INFO = YES;
				ONLY_ACTIVE_ARCH = YES;
				SDKROOT = iphoneos;
				SWIFT_OPTIMIZATION_LEVEL = "-Onone";
			};
			name = Debug;
		};
		FCD6E7A81CDD777C001B6A29 /* Release */ = {
			isa = XCBuildConfiguration;
			buildSettings = {
				ALWAYS_SEARCH_USER_PATHS = NO;
				CLANG_CXX_LANGUAGE_STANDARD = "gnu++0x";
				CLANG_CXX_LIBRARY = "libc++";
				CLANG_ENABLE_MODULES = YES;
				CLANG_ENABLE_OBJC_ARC = YES;
				CLANG_WARN_BOOL_CONVERSION = YES;
				CLANG_WARN_CONSTANT_CONVERSION = YES;
				CLANG_WARN_DIRECT_OBJC_ISA_USAGE = YES_ERROR;
				CLANG_WARN_EMPTY_BODY = YES;
				CLANG_WARN_ENUM_CONVERSION = YES;
				CLANG_WARN_INT_CONVERSION = YES;
				CLANG_WARN_OBJC_ROOT_CLASS = YES_ERROR;
				CLANG_WARN_UNREACHABLE_CODE = YES;
				CLANG_WARN__DUPLICATE_METHOD_MATCH = YES;
				"CODE_SIGN_IDENTITY[sdk=iphoneos*]" = "iPhone Developer";
				COPY_PHASE_STRIP = NO;
				DEBUG_INFORMATION_FORMAT = "dwarf-with-dsym";
				ENABLE_NS_ASSERTIONS = NO;
				ENABLE_STRICT_OBJC_MSGSEND = YES;
				GCC_C_LANGUAGE_STANDARD = gnu99;
				GCC_NO_COMMON_BLOCKS = YES;
				GCC_WARN_64_TO_32_BIT_CONVERSION = YES;
				GCC_WARN_ABOUT_RETURN_TYPE = YES_ERROR;
				GCC_WARN_UNDECLARED_SELECTOR = YES;
				GCC_WARN_UNINITIALIZED_AUTOS = YES_AGGRESSIVE;
				GCC_WARN_UNUSED_FUNCTION = YES;
				GCC_WARN_UNUSED_VARIABLE = YES;
				IPHONEOS_DEPLOYMENT_TARGET = 9.2;
				MTL_ENABLE_DEBUG_INFO = NO;
				SDKROOT = iphoneos;
				VALIDATE_PRODUCT = YES;
			};
			name = Release;
		};
		FCD6E7AA1CDD777C001B6A29 /* Debug */ = {
			isa = XCBuildConfiguration;
			baseConfigurationReference = 1647161E8DA677C1A40EFC52 /* Pods.debug.xcconfig */;
			buildSettings = {
				ASSETCATALOG_COMPILER_APPICON_NAME = AppIcon;
				INFOPLIST_FILE = XMSmallDay/Info.plist;
				LD_RUNPATH_SEARCH_PATHS = "$(inherited) @executable_path/Frameworks";
				LIBRARY_SEARCH_PATHS = (
					"$(inherited)",
					"$(PROJECT_DIR)/XMSmallDay/Classes/Venders/UMSocial_Sdk_4.2.3",
					"$(PROJECT_DIR)/XMSmallDay/Classes/Venders/UMSocial_Sdk_Extra_Frameworks/Sina",
					"$(PROJECT_DIR)/XMSmallDay/Classes/Venders/UMSocial_Sdk_Extra_Frameworks/Wechat",
				);
				PRODUCT_BUNDLE_IDENTIFIER = com.kenfor.XMSmallDay;
				PRODUCT_NAME = "$(TARGET_NAME)";
				SWIFT_OBJC_BRIDGING_HEADER = "/Users/kenfor-yf/Desktop/XMSmallDay/XMSmallDay/Classes/XMSmallDay-Bridging-Header.h";
			};
			name = Debug;
		};
		FCD6E7AB1CDD777C001B6A29 /* Release */ = {
			isa = XCBuildConfiguration;
			baseConfigurationReference = 22AA54039BDF164030AF4363 /* Pods.release.xcconfig */;
			buildSettings = {
				ASSETCATALOG_COMPILER_APPICON_NAME = AppIcon;
				INFOPLIST_FILE = XMSmallDay/Info.plist;
				LD_RUNPATH_SEARCH_PATHS = "$(inherited) @executable_path/Frameworks";
				LIBRARY_SEARCH_PATHS = (
					"$(inherited)",
					"$(PROJECT_DIR)/XMSmallDay/Classes/Venders/UMSocial_Sdk_4.2.3",
					"$(PROJECT_DIR)/XMSmallDay/Classes/Venders/UMSocial_Sdk_Extra_Frameworks/Sina",
					"$(PROJECT_DIR)/XMSmallDay/Classes/Venders/UMSocial_Sdk_Extra_Frameworks/Wechat",
				);
				PRODUCT_BUNDLE_IDENTIFIER = com.kenfor.XMSmallDay;
				PRODUCT_NAME = "$(TARGET_NAME)";
				SWIFT_OBJC_BRIDGING_HEADER = "/Users/kenfor-yf/Desktop/XMSmallDay/XMSmallDay/Classes/XMSmallDay-Bridging-Header.h";
			};
			name = Release;
		};
		FCD6E7AD1CDD777C001B6A29 /* Debug */ = {
			isa = XCBuildConfiguration;
			buildSettings = {
				BUNDLE_LOADER = "$(TEST_HOST)";
				INFOPLIST_FILE = XMSmallDayTests/Info.plist;
				LD_RUNPATH_SEARCH_PATHS = "$(inherited) @executable_path/Frameworks @loader_path/Frameworks";
				PRODUCT_BUNDLE_IDENTIFIER = com.kenfor.XMSmallDayTests;
				PRODUCT_NAME = "$(TARGET_NAME)";
				TEST_HOST = "$(BUILT_PRODUCTS_DIR)/XMSmallDay.app/XMSmallDay";
			};
			name = Debug;
		};
		FCD6E7AE1CDD777C001B6A29 /* Release */ = {
			isa = XCBuildConfiguration;
			buildSettings = {
				BUNDLE_LOADER = "$(TEST_HOST)";
				INFOPLIST_FILE = XMSmallDayTests/Info.plist;
				LD_RUNPATH_SEARCH_PATHS = "$(inherited) @executable_path/Frameworks @loader_path/Frameworks";
				PRODUCT_BUNDLE_IDENTIFIER = com.kenfor.XMSmallDayTests;
				PRODUCT_NAME = "$(TARGET_NAME)";
				TEST_HOST = "$(BUILT_PRODUCTS_DIR)/XMSmallDay.app/XMSmallDay";
			};
			name = Release;
		};
		FCD6E7B01CDD777C001B6A29 /* Debug */ = {
			isa = XCBuildConfiguration;
			buildSettings = {
				INFOPLIST_FILE = XMSmallDayUITests/Info.plist;
				LD_RUNPATH_SEARCH_PATHS = "$(inherited) @executable_path/Frameworks @loader_path/Frameworks";
				PRODUCT_BUNDLE_IDENTIFIER = com.kenfor.XMSmallDayUITests;
				PRODUCT_NAME = "$(TARGET_NAME)";
				TEST_TARGET_NAME = XMSmallDay;
				USES_XCTRUNNER = YES;
			};
			name = Debug;
		};
		FCD6E7B11CDD777C001B6A29 /* Release */ = {
			isa = XCBuildConfiguration;
			buildSettings = {
				INFOPLIST_FILE = XMSmallDayUITests/Info.plist;
				LD_RUNPATH_SEARCH_PATHS = "$(inherited) @executable_path/Frameworks @loader_path/Frameworks";
				PRODUCT_BUNDLE_IDENTIFIER = com.kenfor.XMSmallDayUITests;
				PRODUCT_NAME = "$(TARGET_NAME)";
				TEST_TARGET_NAME = XMSmallDay;
				USES_XCTRUNNER = YES;
			};
			name = Release;
		};
/* End XCBuildConfiguration section */

/* Begin XCConfigurationList section */
		FCD6E77C1CDD777C001B6A29 /* Build configuration list for PBXProject "XMSmallDay" */ = {
			isa = XCConfigurationList;
			buildConfigurations = (
				FCD6E7A71CDD777C001B6A29 /* Debug */,
				FCD6E7A81CDD777C001B6A29 /* Release */,
			);
			defaultConfigurationIsVisible = 0;
			defaultConfigurationName = Release;
		};
		FCD6E7A91CDD777C001B6A29 /* Build configuration list for PBXNativeTarget "XMSmallDay" */ = {
			isa = XCConfigurationList;
			buildConfigurations = (
				FCD6E7AA1CDD777C001B6A29 /* Debug */,
				FCD6E7AB1CDD777C001B6A29 /* Release */,
			);
			defaultConfigurationIsVisible = 0;
			defaultConfigurationName = Release;
		};
		FCD6E7AC1CDD777C001B6A29 /* Build configuration list for PBXNativeTarget "XMSmallDayTests" */ = {
			isa = XCConfigurationList;
			buildConfigurations = (
				FCD6E7AD1CDD777C001B6A29 /* Debug */,
				FCD6E7AE1CDD777C001B6A29 /* Release */,
			);
			defaultConfigurationIsVisible = 0;
			defaultConfigurationName = Release;
		};
		FCD6E7AF1CDD777C001B6A29 /* Build configuration list for PBXNativeTarget "XMSmallDayUITests" */ = {
			isa = XCConfigurationList;
			buildConfigurations = (
				FCD6E7B01CDD777C001B6A29 /* Debug */,
				FCD6E7B11CDD777C001B6A29 /* Release */,
			);
			defaultConfigurationIsVisible = 0;
			defaultConfigurationName = Release;
		};
/* End XCConfigurationList section */
	};
	rootObject = FCD6E7791CDD777C001B6A29 /* Project object */;
}
